{
  "version": 4,
  "terraform_version": "1.11.4",
  "serial": 22,
  "lineage": "9ba9eb8e-c725-8910-8089-e3361c19e5b6",
  "outputs": {
    "bucket_id": {
      "value": "my-bucket",
      "type": "string"
    },
    "instance_id": {
      "value": "i-15e55f196e0a3c2af",
      "type": "string"
    },
    "instance_public_ip": {
      "value": "54.214.86.251",
      "type": "string"
    },
    "ssh_command": {
      "value": "ssh -i deployer-key.pem ec2-user@54.214.86.251",
      "type": "string"
    }
  },
  "resources": [
    {
      "mode": "managed",
      "type": "aws_instance",
      "name": "ec2",
      "provider": "provider[\"registry.terraform.io/hashicorp/aws\"]",
      "instances": [
        {
          "schema_version": 1,
          "attributes": {
            "ami": "ami-0c55b159cbfafe1f0",
            "arn": "arn:aws:ec2:us-east-1::instance/i-a4693c90483fd8ced",
            "associate_public_ip_address": true,
            "availability_zone": "us-east-1a",
            "capacity_reservation_specification": [],
            "cpu_core_count": null,
            "cpu_options": [],
            "cpu_threads_per_core": null,
            "credit_specification": [],
            "disable_api_stop": false,
            "disable_api_termination": false,
            "ebs_block_device": [],
            "ebs_optimized": false,
            "enclave_options": [],
            "ephemeral_block_device": [],
            "get_password_data": false,
            "hibernation": false,
            "host_id": "",
            "host_resource_group_arn": null,
            "iam_instance_profile": "",
            "id": "i-a4693c90483fd8ced",
            "instance_initiated_shutdown_behavior": "stop",
            "instance_state": "running",
            "instance_type": "t2.micro",
            "ipv6_address_count": 0,
            "ipv6_addresses": [],
            "key_name": "",
            "launch_template": [],
            "maintenance_options": [],
            "metadata_options": [],
            "monitoring": false,
            "network_interface": [],
            "outpost_arn": "",
            "password_data": "",
            "placement_group": "",
            "placement_partition_number": 0,
            "primary_network_interface_id": "eni-c847aba2b80a88f61",
            "private_dns": "ip-10-152-84-33.ec2.internal",
            "private_dns_name_options": [],
            "private_ip": "10.152.84.33",
            "public_dns": "ec2-54-214-132-218.compute-1.amazonaws.com",
            "public_ip": "54.214.132.218",
            "root_block_device": [
              {
                "delete_on_termination": true,
                "device_name": "/dev/sda1",
                "encrypted": false,
                "iops": 0,
                "kms_key_id": "",
                "tags": {},
                "throughput": 0,
                "volume_id": "vol-9e13a36100ac24838",
                "volume_size": 8,
                "volume_type": "gp2"
              }
            ],
            "secondary_private_ips": [],
            "security_groups": [],
            "source_dest_check": true,
            "subnet_id": "subnet-e6e12e6deeac8a5a0",
            "tags": {
              "Name": "mon-instance-ec2"
            },
            "tags_all": {
              "Name": "mon-instance-ec2"
            },
            "tenancy": "default",
            "timeouts": null,
            "user_data": null,
            "user_data_base64": null,
            "user_data_replace_on_change": false,
            "volume_tags": null,
            "vpc_security_group_ids": []
          },
          "sensitive_attributes": [],
          "private": "eyJlMmJmYjczMC1lY2FhLTExZTYtOGY4OC0zNDM2M2JjN2M0YzAiOnsiY3JlYXRlIjo2MDAwMDAwMDAwMDAsImRlbGV0ZSI6MTIwMDAwMDAwMDAwMCwidXBkYXRlIjo2MDAwMDAwMDAwMDB9LCJzY2hlbWFfdmVyc2lvbiI6IjEifQ=="
        }
      ]
    },
    {
      "mode": "managed",
      "type": "aws_instance",
      "name": "web",
      "provider": "provider[\"registry.terraform.io/hashicorp/aws\"]",
      "instances": [
        {
          "schema_version": 1,
          "attributes": {
            "ami": "ami-12345678",
            "arn": "arn:aws:ec2:us-east-1::instance/i-15e55f196e0a3c2af",
            "associate_public_ip_address": true,
            "availability_zone": "us-east-1a",
            "capacity_reservation_specification": [],
            "cpu_core_count": null,
            "cpu_options": [],
            "cpu_threads_per_core": null,
            "credit_specification": [],
            "disable_api_stop": false,
            "disable_api_termination": false,
            "ebs_block_device": [],
            "ebs_optimized": false,
            "enclave_options": [],
            "ephemeral_block_device": [],
            "get_password_data": false,
            "hibernation": false,
            "host_id": "",
            "host_resource_group_arn": null,
            "iam_instance_profile": "",
            "id": "i-15e55f196e0a3c2af",
            "instance_initiated_shutdown_behavior": "stop",
            "instance_state": "running",
            "instance_type": "t2.micro",
            "ipv6_address_count": 0,
            "ipv6_addresses": [],
            "key_name": "deployer-key",
            "launch_template": [],
            "maintenance_options": [],
            "metadata_options": [],
            "monitoring": false,
            "network_interface": [],
            "outpost_arn": "",
            "password_data": "",
            "placement_group": "",
            "placement_partition_number": 0,
            "primary_network_interface_id": "eni-7517aed4e02fe4f4e",
            "private_dns": "ip-10-2-202-124.ec2.internal",
            "private_dns_name_options": [],
            "private_ip": "10.2.202.124",
            "public_dns": "ec2-54-214-86-251.compute-1.amazonaws.com",
            "public_ip": "54.214.86.251",
            "root_block_device": [
              {
                "delete_on_termination": true,
                "device_name": "/dev/sda1",
                "encrypted": false,
                "iops": 0,
                "kms_key_id": "",
                "tags": {},
                "throughput": 0,
                "volume_id": "vol-0e89e6b300ad16547",
                "volume_size": 8,
                "volume_type": "gp2"
              }
            ],
            "secondary_private_ips": [],
            "security_groups": [
              "nginx-sg"
            ],
            "source_dest_check": true,
            "subnet_id": "subnet-e6e12e6deeac8a5a0",
            "tags": {
              "Name": "nginx-server"
            },
            "tags_all": {
              "Name": "nginx-server"
            },
            "tenancy": "default",
            "timeouts": null,
            "user_data": "8c7cb6629f5d7d88813fcf6bf503ff61c7cb7203",
            "user_data_base64": null,
            "user_data_replace_on_change": false,
            "volume_tags": null,
            "vpc_security_group_ids": [
              "sg-259763ac93736dce4"
            ]
          },
          "sensitive_attributes": [],
          "private": "eyJlMmJmYjczMC1lY2FhLTExZTYtOGY4OC0zNDM2M2JjN2M0YzAiOnsiY3JlYXRlIjo2MDAwMDAwMDAwMDAsImRlbGV0ZSI6MTIwMDAwMDAwMDAwMCwidXBkYXRlIjo2MDAwMDAwMDAwMDB9LCJzY2hlbWFfdmVyc2lvbiI6IjEifQ==",
          "dependencies": [
            "aws_key_pair.deployer",
            "aws_security_group.web",
            "tls_private_key.key"
          ]
        }
      ]
    },
    {
      "mode": "managed",
      "type": "aws_key_pair",
      "name": "deployer",
      "provider": "provider[\"registry.terraform.io/hashicorp/aws\"]",
      "instances": [
        {
          "schema_version": 1,
          "attributes": {
            "arn": "arn:aws:ec2:us-east-1::key-pair/deployer-key",
            "fingerprint": "29:cc:e6:7d:2b:a4:31:de:b0:b3:41:a1:55:fa:d5:45",
            "id": "deployer-key",
            "key_name": "deployer-key",
            "key_name_prefix": "",
            "key_pair_id": "key-85128b50b1efc842d",
            "key_type": "",
            "public_key": "ssh-rsa AAAAB3NzaC1yc2EAAAADAQABAAACAQCpv8/w5/dtWUNw8nWkK9eGK5QbUTS+SdLf4A/Zp26l+dav4LlYntUTlPROixFZcw6OhToDWJNOmkPxjT+pWbVV6kxThUAgh7Sk0AvkFzVrBO+hklIhO9mZFUPe4z2EyHvrd8d8HL+nv6nn+mI3AYkJgBW8BGtHZsCuvSsesUrIKt3/1DStaFEUI4NKrNmK2g2RMRDpGjRhvrXrTOl41w8jkO7fz0SCXwBkE5Kswl7UJaJNhd+v/0sMfg+NGJtG2yZoMaZj2PGLSV+7rfRBBlySG2HiMQImlpaDR4Ux4UU7iF6917PX4DAJ0DN0YammvRB7gxA1/ru53TwWv8Kn4OtOuio1kjlDqBFxAaBT1C9mTw8yjLOA5uVDhWfzuxwndSSIXTOS6syZ5Umx3vzlnphCRFESHXiJMQONCjnxG3MUlPKUW60whXkBWM20qOl8iB0TCj4yKwr9R7wwII9hZ91t1rxFrz7bGnb04w/5bFCw/VwzlKVAUDljcsFf6QlPdEVs5Z0e5oOiR8hpNlFGz+JkuVaHCLrdkPu145ztYA45/c9GYp1Z9yuxk2YWtJE6wY/hod/7iCtwyVbO5CG5DX513h2jURZ80Vh4hcN4o9seCENP5R2wfQRt+QhcSbrTPFwfsStqZ0k2r+s4OcKyoME1SXuBocCHizEI7W1/14PmgQ==",
            "tags": {},
            "tags_all": {}
          },
          "sensitive_attributes": [],
          "private": "eyJzY2hlbWFfdmVyc2lvbiI6IjEifQ==",
          "dependencies": [
            "tls_private_key.key"
          ]
        }
      ]
    },
    {
      "mode": "managed",
      "type": "aws_s3_bucket",
      "name": "bucket",
      "provider": "provider[\"registry.terraform.io/hashicorp/aws\"]",
      "instances": [
        {
          "schema_version": 0,
          "attributes": {
            "acceleration_status": "",
            "acl": "private",
            "arn": "arn:aws:s3:::mon-bucket-s3-local",
            "bucket": "mon-bucket-s3-local",
            "bucket_domain_name": "mon-bucket-s3-local.s3.amazonaws.com",
            "bucket_prefix": "",
            "bucket_regional_domain_name": "mon-bucket-s3-local.s3.amazonaws.com",
            "cors_rule": [],
            "force_destroy": false,
            "grant": [
              {
                "id": "75aa57f09aa0c8caeab4f8c24e99d10f8e7faeebf76c078efc7c6caea54ba06a",
                "permissions": [
                  "FULL_CONTROL"
                ],
                "type": "CanonicalUser",
                "uri": ""
              }
            ],
            "hosted_zone_id": "Z3AQBSTGFYJSTF",
            "id": "mon-bucket-s3-local",
            "lifecycle_rule": [],
            "logging": [],
            "object_lock_configuration": [],
            "object_lock_enabled": false,
            "policy": "",
            "region": "us-east-1",
            "replication_configuration": [],
            "request_payer": "BucketOwner",
            "server_side_encryption_configuration": [
              {
                "rule": [
                  {
                    "apply_server_side_encryption_by_default": [
                      {
                        "kms_master_key_id": "",
                        "sse_algorithm": "AES256"
                      }
                    ],
                    "bucket_key_enabled": false
                  }
                ]
              }
            ],
            "tags": {},
            "tags_all": {},
            "timeouts": null,
            "versioning": [
              {
                "enabled": false,
                "mfa_delete": false
              }
            ],
            "website": [],
            "website_domain": null,
            "website_endpoint": null
          },
          "sensitive_attributes": [],
          "private": "eyJlMmJmYjczMC1lY2FhLTExZTYtOGY4OC0zNDM2M2JjN2M0YzAiOnsiY3JlYXRlIjoxMjAwMDAwMDAwMDAwLCJkZWxldGUiOjM2MDAwMDAwMDAwMDAsInJlYWQiOjEyMDAwMDAwMDAwMDAsInVwZGF0ZSI6MTIwMDAwMDAwMDAwMH19"
        }
      ]
    },
    {
      "mode": "managed",
      "type": "aws_s3_bucket",
      "name": "demo_bucket",
      "provider": "provider[\"registry.terraform.io/hashicorp/aws\"]",
      "instances": [
        {
          "schema_version": 0,
          "attributes": {
            "acceleration_status": "",
            "acl": null,
            "arn": "arn:aws:s3:::my-bucket",
            "bucket": "my-bucket",
            "bucket_domain_name": "my-bucket.s3.amazonaws.com",
            "bucket_prefix": "",
            "bucket_regional_domain_name": "my-bucket.s3.amazonaws.com",
            "cors_rule": [],
            "force_destroy": false,
            "grant": [
              {
                "id": "75aa57f09aa0c8caeab4f8c24e99d10f8e7faeebf76c078efc7c6caea54ba06a",
                "permissions": [
                  "FULL_CONTROL"
                ],
                "type": "CanonicalUser",
                "uri": ""
              }
            ],
            "hosted_zone_id": "Z3AQBSTGFYJSTF",
            "id": "my-bucket",
            "lifecycle_rule": [],
            "logging": [],
            "object_lock_configuration": [],
            "object_lock_enabled": false,
            "policy": "",
            "region": "us-east-1",
            "replication_configuration": [],
            "request_payer": "BucketOwner",
            "server_side_encryption_configuration": [
              {
                "rule": [
                  {
                    "apply_server_side_encryption_by_default": [
                      {
                        "kms_master_key_id": "",
                        "sse_algorithm": "AES256"
                      }
                    ],
                    "bucket_key_enabled": false
                  }
                ]
              }
            ],
            "tags": {},
            "tags_all": {},
            "timeouts": null,
            "versioning": [
              {
                "enabled": true,
                "mfa_delete": false
              }
            ],
            "website": [],
            "website_domain": null,
            "website_endpoint": null
          },
          "sensitive_attributes": [],
          "private": "eyJlMmJmYjczMC1lY2FhLTExZTYtOGY4OC0zNDM2M2JjN2M0YzAiOnsiY3JlYXRlIjoxMjAwMDAwMDAwMDAwLCJkZWxldGUiOjM2MDAwMDAwMDAwMDAsInJlYWQiOjEyMDAwMDAwMDAwMDAsInVwZGF0ZSI6MTIwMDAwMDAwMDAwMH19"
        }
      ]
    },
    {
      "mode": "managed",
      "type": "aws_s3_bucket_acl",
      "name": "acl_private",
      "provider": "provider[\"registry.terraform.io/hashicorp/aws\"]",
      "instances": [
        {
          "schema_version": 0,
          "attributes": {
            "access_control_policy": [
              {
                "grant": [
                  {
                    "grantee": [
                      {
                        "display_name": "webfile",
                        "email_address": "",
                        "id": "75aa57f09aa0c8caeab4f8c24e99d10f8e7faeebf76c078efc7c6caea54ba06a",
                        "type": "CanonicalUser",
                        "uri": ""
                      }
                    ],
                    "permission": "FULL_CONTROL"
                  }
                ],
                "owner": [
                  {
                    "display_name": "webfile",
                    "id": "75aa57f09aa0c8caeab4f8c24e99d10f8e7faeebf76c078efc7c6caea54ba06a"
                  }
                ]
              }
            ],
            "acl": "private",
            "bucket": "mon-bucket-s3-local",
            "expected_bucket_owner": "",
            "id": "mon-bucket-s3-local,private"
          },
          "sensitive_attributes": [],
          "private": "bnVsbA=="
        }
      ]
    },
    {
      "mode": "managed",
      "type": "aws_s3_bucket_versioning",
      "name": "demo_bucket_versioning",
      "provider": "provider[\"registry.terraform.io/hashicorp/aws\"]",
      "instances": [
        {
          "schema_version": 0,
          "attributes": {
            "bucket": "my-bucket",
            "expected_bucket_owner": "",
            "id": "my-bucket",
            "mfa": null,
            "versioning_configuration": [
              {
                "mfa_delete": "",
                "status": "Enabled"
              }
            ]
          },
          "sensitive_attributes": [],
          "private": "bnVsbA==",
          "dependencies": [
            "aws_s3_bucket.demo_bucket"
          ]
        }
      ]
    },
    {
      "mode": "managed",
      "type": "aws_s3_object",
      "name": "demo_object",
      "provider": "provider[\"registry.terraform.io/hashicorp/aws\"]",
      "instances": [
        {
          "schema_version": 0,
          "attributes": {
            "acl": "private",
            "bucket": "my-bucket",
            "bucket_key_enabled": false,
            "cache_control": "",
            "content": null,
            "content_base64": null,
            "content_disposition": "",
            "content_encoding": "",
            "content_language": "",
            "content_type": "binary/octet-stream",
            "etag": "efc783916db2efd45cdbe88673533cba",
            "force_destroy": false,
            "id": "hello-world.txt",
            "key": "hello-world.txt",
            "kms_key_id": null,
            "metadata": {},
            "object_lock_legal_hold_status": "",
            "object_lock_mode": "",
            "object_lock_retain_until_date": "",
            "server_side_encryption": "AES256",
            "source": "./test.txt",
            "source_hash": null,
            "storage_class": "STANDARD",
            "tags": {},
            "tags_all": {},
            "version_id": "AZbUB4ca.ycUd9aiCrbT.MtH.QHhBf6B",
            "website_redirect": ""
          },
          "sensitive_attributes": [],
          "private": "bnVsbA==",
          "dependencies": [
            "aws_s3_bucket.demo_bucket"
          ]
        }
      ]
    },
    {
      "mode": "managed",
      "type": "aws_security_group",
      "name": "web",
      "provider": "provider[\"registry.terraform.io/hashicorp/aws\"]",
      "instances": [
        {
          "schema_version": 1,
          "attributes": {
            "arn": "arn:aws:ec2:us-east-1:000000000000:security-group/sg-259763ac93736dce4",
            "description": "Allow web and SSH traffic",
            "egress": [
              {
                "cidr_blocks": [
                  "0.0.0.0/0"
                ],
                "description": "Allow all outbound traffic",
                "from_port": 0,
                "ipv6_cidr_blocks": [],
                "prefix_list_ids": [],
                "protocol": "-1",
                "security_groups": [],
                "self": false,
                "to_port": 0
              }
            ],
            "id": "sg-259763ac93736dce4",
            "ingress": [
              {
                "cidr_blocks": [
                  "0.0.0.0/0"
                ],
                "description": "Allow HTTP traffic",
                "from_port": 80,
                "ipv6_cidr_blocks": [],
                "prefix_list_ids": [],
                "protocol": "tcp",
                "security_groups": [],
                "self": false,
                "to_port": 80
              },
              {
                "cidr_blocks": [
                  "0.0.0.0/0"
                ],
                "description": "Allow SSH traffic",
                "from_port": 22,
                "ipv6_cidr_blocks": [],
                "prefix_list_ids": [],
                "protocol": "tcp",
                "security_groups": [],
                "self": false,
                "to_port": 22
              }
            ],
            "name": "nginx-sg",
            "name_prefix": "",
            "owner_id": "000000000000",
            "revoke_rules_on_delete": false,
            "tags": {
              "Name": "nginx-sg"
            },
            "tags_all": {
              "Name": "nginx-sg"
            },
            "timeouts": null,
            "vpc_id": "vpc-593e59da29c1c88de"
          },
          "sensitive_attributes": [],
          "private": "eyJlMmJmYjczMC1lY2FhLTExZTYtOGY4OC0zNDM2M2JjN2M0YzAiOnsiY3JlYXRlIjo2MDAwMDAwMDAwMDAsImRlbGV0ZSI6OTAwMDAwMDAwMDAwfSwic2NoZW1hX3ZlcnNpb24iOiIxIn0="
        }
      ]
    },
    {
      "mode": "managed",
      "type": "aws_security_group",
      "name": "web_http",
      "provider": "provider[\"registry.terraform.io/hashicorp/aws\"]",
      "instances": [
        {
          "schema_version": 1,
          "attributes": {
            "arn": "arn:aws:ec2:us-east-1:000000000000:security-group/sg-5f4a2c94a78f00cce",
            "description": "Allow HTTP traffic",
            "egress": [
              {
                "cidr_blocks": [
                  "0.0.0.0/0"
                ],
                "description": "",
                "from_port": 0,
                "ipv6_cidr_blocks": [],
                "prefix_list_ids": [],
                "protocol": "-1",
                "security_groups": [],
                "self": false,
                "to_port": 0
              }
            ],
            "id": "sg-5f4a2c94a78f00cce",
            "ingress": [
              {
                "cidr_blocks": [
                  "0.0.0.0/0"
                ],
                "description": "",
                "from_port": 80,
                "ipv6_cidr_blocks": [],
                "prefix_list_ids": [],
                "protocol": "tcp",
                "security_groups": [],
                "self": false,
                "to_port": 80
              }
            ],
            "name": "nginx-sg-http",
            "name_prefix": "",
            "owner_id": "000000000000",
            "revoke_rules_on_delete": false,
            "tags": {},
            "tags_all": {},
            "timeouts": null,
            "vpc_id": "vpc-593e59da29c1c88de"
          },
          "sensitive_attributes": [],
          "private": "eyJlMmJmYjczMC1lY2FhLTExZTYtOGY4OC0zNDM2M2JjN2M0YzAiOnsiY3JlYXRlIjo2MDAwMDAwMDAwMDAsImRlbGV0ZSI6OTAwMDAwMDAwMDAwfSwic2NoZW1hX3ZlcnNpb24iOiIxIn0="
        }
      ]
    },
    {
      "mode": "managed",
      "type": "local_file",
      "name": "private_key",
      "provider": "provider[\"registry.terraform.io/hashicorp/local\"]",
      "instances": [
        {
          "schema_version": 0,
          "attributes": {
            "content": "-----BEGIN RSA PRIVATE KEY-----\nMIIJKAIBAAKCAgEAqb/P8Of3bVlDcPJ1pCvXhiuUG1E0vknS3+AP2adupfnWr+C5\nWJ7VE5T0TosRWXMOjoU6A1iTTppD8Y0/qVm1VepMU4VAIIe0pNAL5Bc1awTvoZJS\nITvZmRVD3uM9hMh763fHfBy/p7+p5/piNwGJCYAVvARrR2bArr0rHrFKyCrd/9Q0\nrWhRFCODSqzZitoNkTEQ6Ro0Yb6160zpeNcPI5Du389Egl8AZBOSrMJe1CWiTYXf\nr/9LDH4PjRibRtsmaDGmY9jxi0lfu630QQZckhth4jECJpaWg0eFMeFFO4hevdez\n1+AwCdAzdGGppr0Qe4MQNf67ud08Fr/Cp+DrTroqNZI5Q6gRcQGgU9QvZk8PMoyz\ngOblQ4Vn87scJ3UkiF0zkurMmeVJsd785Z6YQkRREh14iTEDjQo58RtzFJTylFut\nMIV5AVjNtKjpfIgdEwo+MisK/Ue8MCCPYWfdbda8Ra8+2xp29OMP+WxQsP1cM5Sl\nQFA5Y3LBX+kJT3RFbOWdHuaDokfIaTZRRs/iZLlWhwi63ZD7teOc7WAOOf3PRmKd\nWfcrsZNmFrSROsGP4aHf+4grcMlWzuQhuQ1+dd4do1EWfNFYeIXDeKPbHghDT+Ud\nsH0EbfkIXEm60zxcH7EramdJNq/rODnCsqDBNUl7gaHAh4sxCO1tf9eD5oECAwEA\nAQKCAgACV+UAQygFS/SCWs8C4UXvTsMDj+bUtwi+rWFzoogMiZUAGl/dpkrsS1/G\nZS0kCzKK5zH9a4XEUaztIONFcIEQUKjNRP1NO6lbxnlZDKTYq3WuSRqKFdklj9OP\nIEuERZcgGXAdFYmj6Hl5Q9Gi9zH90g1Owj/7wUJpASCXGskEt5KHLG4OHCblIn6+\np1FlHUivWcZFNQbex/DriL0u/VdKsS6qg1pDi1miUAq7+L6R0ruNctsDQ0C9QVDg\nNIwZdbdXbDLLDWLLfqu4H9ULuCF7VP5gVrdMGoNlOF2xYi30Nggiilebw/cOzh91\nOH9Mx26yqUzuJWQwmxI4IU1f51sBNl9HaXDLl9NFwKmUf+Vz8ZacKTbyDBzBRtZd\nQK0qLXnVjMHwEot07QmYV7Y/TbyZ8MJfEOjNif0Xl0Ng4eyLR81I26JaIE+8nkik\nKTiXchChZ2nAtuphjAIah2TD9IIi/6bRs9jl8l4YIUjMaryPapo6uxcFeQcQSaQ6\nINdQIBwsR7FL5ClagcdM1p45gkneBQOdqFed6EaeiBQoOdM8K7Z3suWPTVVhheEj\nyqf41GO6NIJJc3gGny5yCYZwDKFaMmf77WI3BvNNqiPw9idSBRR5mS1kXzgQFQST\nwP0mGb3EuhEOcNGtp8Lk82DjqAmseJgxOi9Tgs8YuXYWigrpgQKCAQEAzoJGpHhe\n4ymCCJiPyde5UsHOOJFiZe+4EksaKBVeQNuYoiQFTfan9AEK4gdKFN6uooMVEsEn\nDPSTKBAX5F/VSfC8pa23VSpUDh2heikYFLvJFvL/C5wrUoKtn6Erlku6byc5EmaR\nzrZ/4s2EBra9I6rSC/R7XiN2v6s3slFbZmrOPjjxHtpq/+EHd9nwJKEM2aQgYn31\nRgGHNBDhE+zRc9uAgGy+LWDBdwT/e488+B0wPKoLOr/qEhdnZxVi1lu76YmCqHnx\nihtoDPZ2ZqyqGHEm1eeGcE7K/QRkmZ7l43ib9gd9z7wLlshRDmqiULmt83z2+7b3\n1HogpUcjE0hGwQKCAQEA0m5C9YL8hX10zh7lbXjIgCxkTHaUYD6kVTqxygPY6bis\nE7yz3Iv1iMJZvcobVa/e2cTpkh1lgcdYyXmX6DY28e1GHXwI/h7b1T9bcEGYsTiI\nmuLSX47yY2Uy9QCuTNfmTx0LXO3ZgRQLzy1iB9m8D6BcsfU8qNv2CEMvvLVT5wEA\nOZk6W2dGFM3tLa2xaEFM3zUkZ3d9P8QqMNVUCrT0t282kSDEtM+ITjR+YB1K0WYl\nKCD3eNoqMNuLri8zEJViHsJiv+7m7bGqK8CgfAr0QJuT+//dtQukbfEXZ7LaRQVx\ni10UiJdxGFOS/afd0yHwU7F3rkW0tT4isCNSBXFPwQKCAQEAzJyqL/YQVlXfQHMh\nLSWwuv3KPaRXcZb2tDFzpjmd3Pd4IVc9ZkU5nnuV8+SzE0Ccmer1a1K0RZLjZ7Oi\naKZHp+5+jE42M40wIZhcUbT75jc2BKYZ7L/88NEIBP1lOZKpE88yLjgwyjdrOSbW\nZOyVNQzg9/VycxECbODR273eqPi0h1RWHHLfx86IXskytqhYGiET8WLKLmX/N6ht\nyxc/ZOMdTKHyQPX4Wtw544xGJbSOAd2eKMTUwL4ttyaqeqgD5V5ZdmL03xlOnGFr\naUo1cuhSSWkQfKClYdMDdm7Javwq07gSgUzZ0rmCDp27W+7OG047Taa5oe6r//cf\nGtDnQQKCAQBJKN6MvvKOcpSmiOVZDxIeRdDFKMDjSUQXAaYIRxgmAfeJkSSzO9Gs\nr21F57tjKhb/fU97Zk8BNM5wlZ6ztA2cRNMIszPpLc9eL33Z5GRy0OXle5CKeodY\n+TkjJw5yVumSfdWShHsHPnHwoKWhdxjEEgvILyvcxUSfkMRLBnvaJ2XtoJFCcABU\ngVfBds7kITfZrn8uncNk5Q2KFtD2O/2MvNSq1kqtVi3cirGZNvXpIWsvrW58jNT4\nUYwZjf1h+Z24dfqhIi0VXJx+Q6VIGwLaZ3yms0lghWCwfI6Xlf3+2yqjukPGTWib\nfYrwN2mO2xDT+DJU25U9IhIrTMxaag/BAoIBACLvAd+VgP6S4rh+8LfNOcF5A1mi\nuVmMoBu72diw1rT+uQCb019zwotceJvZt8tChZrHRLNf1+oa05CEvC6/ggyzfqSK\nlCXRl9kt9lNRG+JU2KHiplbNx0hcf8IqFbFyzBpvhJYdXI/Y2pAKZ68gnI3R7lUo\nwtsKudi4ed+YC9rd1iej2BYegpEmW/4tsTmNC1qJi5Z88IoP6do1pA10du9501K0\nuHYvW62QwIVL9cNK4+tA391JfFLFWVGSkUVjlbi5g4FhYDs+rcGXaxYS/5xU6He3\nTl+qu/3qXG/L01TKBiM5T3Wye/V5JF744YN/0SCsdi0841MKNbqb+E5L/2Q=\n-----END RSA PRIVATE KEY-----\n",
            "content_base64": null,
            "content_base64sha256": "EcBukcG6x5b9r38ZSSLYUJnOp4i3+rwLN9AlwpaOI7c=",
            "content_base64sha512": "VGHB6dPwEvKMSPAO2CzEmXLiQwAs1X7nGlHYl+5ckftFm3UJ1UUKuBRv18zqRlU8ksnBvWxLg2Un1tTP/nQKFA==",
            "content_md5": "43c1b6c729829a322f669146436440d1",
            "content_sha1": "1c37e88ac0b89f2214848b6090d6aeff401b73a6",
            "content_sha256": "11c06e91c1bac796fdaf7f194922d85099cea788b7fabc0b37d025c2968e23b7",
            "content_sha512": "5461c1e9d3f012f28c48f00ed82cc49972e243002cd57ee71a51d897ee5c91fb459b7509d5450ab8146fd7ccea46553c92c9c1bd6c4b836527d6d4cffe740a14",
            "directory_permission": "0777",
            "file_permission": "0600",
            "filename": "./deployer-key.pem",
            "id": "1c37e88ac0b89f2214848b6090d6aeff401b73a6",
            "sensitive_content": null,
            "source": null
          },
          "sensitive_attributes": [
            [
              {
                "type": "get_attr",
                "value": "sensitive_content"
              }
            ],
            [
              {
                "type": "get_attr",
                "value": "content"
              }
            ]
          ],
          "dependencies": [
            "tls_private_key.key"
          ]
        }
      ]
    },
    {
      "mode": "managed",
      "type": "tls_private_key",
      "name": "key",
      "provider": "provider[\"registry.terraform.io/hashicorp/tls\"]",
      "instances": [
        {
          "schema_version": 1,
          "attributes": {
            "algorithm": "RSA",
            "ecdsa_curve": "P224",
            "id": "c19ff2b7d09725597e4e38f89c7cd98f8240d8e5",
            "private_key_openssh": "-----BEGIN OPENSSH PRIVATE KEY-----\nb3BlbnNzaC1rZXktdjEAAAAABG5vbmUAAAAEbm9uZQAAAAAAAAABAAACFwAAAAdz\nc2gtcnNhAAAAAwEAAQAAAgEAqb/P8Of3bVlDcPJ1pCvXhiuUG1E0vknS3+AP2adu\npfnWr+C5WJ7VE5T0TosRWXMOjoU6A1iTTppD8Y0/qVm1VepMU4VAIIe0pNAL5Bc1\nawTvoZJSITvZmRVD3uM9hMh763fHfBy/p7+p5/piNwGJCYAVvARrR2bArr0rHrFK\nyCrd/9Q0rWhRFCODSqzZitoNkTEQ6Ro0Yb6160zpeNcPI5Du389Egl8AZBOSrMJe\n1CWiTYXfr/9LDH4PjRibRtsmaDGmY9jxi0lfu630QQZckhth4jECJpaWg0eFMeFF\nO4hevdez1+AwCdAzdGGppr0Qe4MQNf67ud08Fr/Cp+DrTroqNZI5Q6gRcQGgU9Qv\nZk8PMoyzgOblQ4Vn87scJ3UkiF0zkurMmeVJsd785Z6YQkRREh14iTEDjQo58Rtz\nFJTylFutMIV5AVjNtKjpfIgdEwo+MisK/Ue8MCCPYWfdbda8Ra8+2xp29OMP+WxQ\nsP1cM5SlQFA5Y3LBX+kJT3RFbOWdHuaDokfIaTZRRs/iZLlWhwi63ZD7teOc7WAO\nOf3PRmKdWfcrsZNmFrSROsGP4aHf+4grcMlWzuQhuQ1+dd4do1EWfNFYeIXDeKPb\nHghDT+UdsH0EbfkIXEm60zxcH7EramdJNq/rODnCsqDBNUl7gaHAh4sxCO1tf9eD\n5oEAAAc4cWFFL3FhRS8AAAAHc3NoLXJzYQAAAgEAqb/P8Of3bVlDcPJ1pCvXhiuU\nG1E0vknS3+AP2adupfnWr+C5WJ7VE5T0TosRWXMOjoU6A1iTTppD8Y0/qVm1VepM\nU4VAIIe0pNAL5Bc1awTvoZJSITvZmRVD3uM9hMh763fHfBy/p7+p5/piNwGJCYAV\nvARrR2bArr0rHrFKyCrd/9Q0rWhRFCODSqzZitoNkTEQ6Ro0Yb6160zpeNcPI5Du\n389Egl8AZBOSrMJe1CWiTYXfr/9LDH4PjRibRtsmaDGmY9jxi0lfu630QQZckhth\n4jECJpaWg0eFMeFFO4hevdez1+AwCdAzdGGppr0Qe4MQNf67ud08Fr/Cp+DrTroq\nNZI5Q6gRcQGgU9QvZk8PMoyzgOblQ4Vn87scJ3UkiF0zkurMmeVJsd785Z6YQkRR\nEh14iTEDjQo58RtzFJTylFutMIV5AVjNtKjpfIgdEwo+MisK/Ue8MCCPYWfdbda8\nRa8+2xp29OMP+WxQsP1cM5SlQFA5Y3LBX+kJT3RFbOWdHuaDokfIaTZRRs/iZLlW\nhwi63ZD7teOc7WAOOf3PRmKdWfcrsZNmFrSROsGP4aHf+4grcMlWzuQhuQ1+dd4d\no1EWfNFYeIXDeKPbHghDT+UdsH0EbfkIXEm60zxcH7EramdJNq/rODnCsqDBNUl7\ngaHAh4sxCO1tf9eD5oEAAAADAQABAAACAAJX5QBDKAVL9IJazwLhRe9OwwOP5tS3\nCL6tYXOiiAyJlQAaX92mSuxLX8ZlLSQLMornMf1rhcRRrO0g40VwgRBQqM1E/U07\nqVvGeVkMpNirda5JGooV2SWP048gS4RFlyAZcB0ViaPoeXlD0aL3Mf3SDU7CP/vB\nQmkBIJcayQS3kocsbg4cJuUifr6nUWUdSK9ZxkU1Bt7H8OuIvS79V0qxLqqDWkOL\nWaJQCrv4vpHSu41y2wNDQL1BUOA0jBl1t1dsMssNYst+q7gf1Qu4IXtU/mBWt0wa\ng2U4XbFiLfQ2CCKKV5vD9w7OH3U4f0zHbrKpTO4lZDCbEjghTV/nWwE2X0dpcMuX\n00XAqZR/5XPxlpwpNvIMHMFG1l1ArSotedWMwfASi3TtCZhXtj9NvJnwwl8Q6M2J\n/ReXQ2Dh7ItHzUjbologT7yeSKQpOJdyEKFnacC26mGMAhqHZMP0giL/ptGz2OXy\nXhghSMxqvI9qmjq7FwV5BxBJpDog11AgHCxHsUvkKVqBx0zWnjmCSd4FA52oV53o\nRp6IFCg50zwrtney5Y9NVWGF4SPKp/jUY7o0gklzeAafLnIJhnAMoVoyZ/vtYjcG\n802qI/D2J1IFFHmZLWRfOBAVBJPA/SYZvcS6EQ5w0a2nwuTzYOOoCax4mDE6L1OC\nzxi5dhaKCumBAAABACLvAd+VgP6S4rh+8LfNOcF5A1miuVmMoBu72diw1rT+uQCb\n019zwotceJvZt8tChZrHRLNf1+oa05CEvC6/ggyzfqSKlCXRl9kt9lNRG+JU2KHi\nplbNx0hcf8IqFbFyzBpvhJYdXI/Y2pAKZ68gnI3R7lUowtsKudi4ed+YC9rd1iej\n2BYegpEmW/4tsTmNC1qJi5Z88IoP6do1pA10du9501K0uHYvW62QwIVL9cNK4+tA\n391JfFLFWVGSkUVjlbi5g4FhYDs+rcGXaxYS/5xU6He3Tl+qu/3qXG/L01TKBiM5\nT3Wye/V5JF744YN/0SCsdi0841MKNbqb+E5L/2QAAAEBAM6CRqR4XuMpggiYj8nX\nuVLBzjiRYmXvuBJLGigVXkDbmKIkBU32p/QBCuIHShTerqKDFRLBJwz0kygQF+Rf\n1UnwvKWtt1UqVA4doXopGBS7yRby/wucK1KCrZ+hK5ZLum8nORJmkc62f+LNhAa2\nvSOq0gv0e14jdr+rN7JRW2Zqzj448R7aav/hB3fZ8CShDNmkIGJ99UYBhzQQ4RPs\n0XPbgIBsvi1gwXcE/3uPPPgdMDyqCzq/6hIXZ2cVYtZbu+mJgqh58YobaAz2dmas\nqhhxJtXnhnBOyv0EZJme5eN4m/YHfc+8C5bIUQ5qolC5rfN89vu299R6IKVHIxNI\nRsEAAAEBANJuQvWC/IV9dM4e5W14yIAsZEx2lGA+pFU6scoD2Om4rBO8s9yL9YjC\nWb3KG1Wv3tnE6ZIdZYHHWMl5l+g2NvHtRh18CP4e29U/W3BBmLE4iJri0l+O8mNl\nMvUArkzX5k8dC1zt2YEUC88tYgfZvA+gXLH1PKjb9ghDL7y1U+cBADmZOltnRhTN\n7S2tsWhBTN81JGd3fT/EKjDVVAq09LdvNpEgxLTPiE40fmAdStFmJSgg93jaKjDb\ni64vMxCVYh7CYr/u5u2xqivAoHwK9ECbk/v/3bULpG3xF2ey2kUFcYtdFIiXcRhT\nkv2n3dMh8FOxd65FtLU+IrAjUgVxT8EAAAAAAQID\n-----END OPENSSH PRIVATE KEY-----\n",
            "private_key_pem": "-----BEGIN RSA PRIVATE KEY-----\nMIIJKAIBAAKCAgEAqb/P8Of3bVlDcPJ1pCvXhiuUG1E0vknS3+AP2adupfnWr+C5\nWJ7VE5T0TosRWXMOjoU6A1iTTppD8Y0/qVm1VepMU4VAIIe0pNAL5Bc1awTvoZJS\nITvZmRVD3uM9hMh763fHfBy/p7+p5/piNwGJCYAVvARrR2bArr0rHrFKyCrd/9Q0\nrWhRFCODSqzZitoNkTEQ6Ro0Yb6160zpeNcPI5Du389Egl8AZBOSrMJe1CWiTYXf\nr/9LDH4PjRibRtsmaDGmY9jxi0lfu630QQZckhth4jECJpaWg0eFMeFFO4hevdez\n1+AwCdAzdGGppr0Qe4MQNf67ud08Fr/Cp+DrTroqNZI5Q6gRcQGgU9QvZk8PMoyz\ngOblQ4Vn87scJ3UkiF0zkurMmeVJsd785Z6YQkRREh14iTEDjQo58RtzFJTylFut\nMIV5AVjNtKjpfIgdEwo+MisK/Ue8MCCPYWfdbda8Ra8+2xp29OMP+WxQsP1cM5Sl\nQFA5Y3LBX+kJT3RFbOWdHuaDokfIaTZRRs/iZLlWhwi63ZD7teOc7WAOOf3PRmKd\nWfcrsZNmFrSROsGP4aHf+4grcMlWzuQhuQ1+dd4do1EWfNFYeIXDeKPbHghDT+Ud\nsH0EbfkIXEm60zxcH7EramdJNq/rODnCsqDBNUl7gaHAh4sxCO1tf9eD5oECAwEA\nAQKCAgACV+UAQygFS/SCWs8C4UXvTsMDj+bUtwi+rWFzoogMiZUAGl/dpkrsS1/G\nZS0kCzKK5zH9a4XEUaztIONFcIEQUKjNRP1NO6lbxnlZDKTYq3WuSRqKFdklj9OP\nIEuERZcgGXAdFYmj6Hl5Q9Gi9zH90g1Owj/7wUJpASCXGskEt5KHLG4OHCblIn6+\np1FlHUivWcZFNQbex/DriL0u/VdKsS6qg1pDi1miUAq7+L6R0ruNctsDQ0C9QVDg\nNIwZdbdXbDLLDWLLfqu4H9ULuCF7VP5gVrdMGoNlOF2xYi30Nggiilebw/cOzh91\nOH9Mx26yqUzuJWQwmxI4IU1f51sBNl9HaXDLl9NFwKmUf+Vz8ZacKTbyDBzBRtZd\nQK0qLXnVjMHwEot07QmYV7Y/TbyZ8MJfEOjNif0Xl0Ng4eyLR81I26JaIE+8nkik\nKTiXchChZ2nAtuphjAIah2TD9IIi/6bRs9jl8l4YIUjMaryPapo6uxcFeQcQSaQ6\nINdQIBwsR7FL5ClagcdM1p45gkneBQOdqFed6EaeiBQoOdM8K7Z3suWPTVVhheEj\nyqf41GO6NIJJc3gGny5yCYZwDKFaMmf77WI3BvNNqiPw9idSBRR5mS1kXzgQFQST\nwP0mGb3EuhEOcNGtp8Lk82DjqAmseJgxOi9Tgs8YuXYWigrpgQKCAQEAzoJGpHhe\n4ymCCJiPyde5UsHOOJFiZe+4EksaKBVeQNuYoiQFTfan9AEK4gdKFN6uooMVEsEn\nDPSTKBAX5F/VSfC8pa23VSpUDh2heikYFLvJFvL/C5wrUoKtn6Erlku6byc5EmaR\nzrZ/4s2EBra9I6rSC/R7XiN2v6s3slFbZmrOPjjxHtpq/+EHd9nwJKEM2aQgYn31\nRgGHNBDhE+zRc9uAgGy+LWDBdwT/e488+B0wPKoLOr/qEhdnZxVi1lu76YmCqHnx\nihtoDPZ2ZqyqGHEm1eeGcE7K/QRkmZ7l43ib9gd9z7wLlshRDmqiULmt83z2+7b3\n1HogpUcjE0hGwQKCAQEA0m5C9YL8hX10zh7lbXjIgCxkTHaUYD6kVTqxygPY6bis\nE7yz3Iv1iMJZvcobVa/e2cTpkh1lgcdYyXmX6DY28e1GHXwI/h7b1T9bcEGYsTiI\nmuLSX47yY2Uy9QCuTNfmTx0LXO3ZgRQLzy1iB9m8D6BcsfU8qNv2CEMvvLVT5wEA\nOZk6W2dGFM3tLa2xaEFM3zUkZ3d9P8QqMNVUCrT0t282kSDEtM+ITjR+YB1K0WYl\nKCD3eNoqMNuLri8zEJViHsJiv+7m7bGqK8CgfAr0QJuT+//dtQukbfEXZ7LaRQVx\ni10UiJdxGFOS/afd0yHwU7F3rkW0tT4isCNSBXFPwQKCAQEAzJyqL/YQVlXfQHMh\nLSWwuv3KPaRXcZb2tDFzpjmd3Pd4IVc9ZkU5nnuV8+SzE0Ccmer1a1K0RZLjZ7Oi\naKZHp+5+jE42M40wIZhcUbT75jc2BKYZ7L/88NEIBP1lOZKpE88yLjgwyjdrOSbW\nZOyVNQzg9/VycxECbODR273eqPi0h1RWHHLfx86IXskytqhYGiET8WLKLmX/N6ht\nyxc/ZOMdTKHyQPX4Wtw544xGJbSOAd2eKMTUwL4ttyaqeqgD5V5ZdmL03xlOnGFr\naUo1cuhSSWkQfKClYdMDdm7Javwq07gSgUzZ0rmCDp27W+7OG047Taa5oe6r//cf\nGtDnQQKCAQBJKN6MvvKOcpSmiOVZDxIeRdDFKMDjSUQXAaYIRxgmAfeJkSSzO9Gs\nr21F57tjKhb/fU97Zk8BNM5wlZ6ztA2cRNMIszPpLc9eL33Z5GRy0OXle5CKeodY\n+TkjJw5yVumSfdWShHsHPnHwoKWhdxjEEgvILyvcxUSfkMRLBnvaJ2XtoJFCcABU\ngVfBds7kITfZrn8uncNk5Q2KFtD2O/2MvNSq1kqtVi3cirGZNvXpIWsvrW58jNT4\nUYwZjf1h+Z24dfqhIi0VXJx+Q6VIGwLaZ3yms0lghWCwfI6Xlf3+2yqjukPGTWib\nfYrwN2mO2xDT+DJU25U9IhIrTMxaag/BAoIBACLvAd+VgP6S4rh+8LfNOcF5A1mi\nuVmMoBu72diw1rT+uQCb019zwotceJvZt8tChZrHRLNf1+oa05CEvC6/ggyzfqSK\nlCXRl9kt9lNRG+JU2KHiplbNx0hcf8IqFbFyzBpvhJYdXI/Y2pAKZ68gnI3R7lUo\nwtsKudi4ed+YC9rd1iej2BYegpEmW/4tsTmNC1qJi5Z88IoP6do1pA10du9501K0\nuHYvW62QwIVL9cNK4+tA391JfFLFWVGSkUVjlbi5g4FhYDs+rcGXaxYS/5xU6He3\nTl+qu/3qXG/L01TKBiM5T3Wye/V5JF744YN/0SCsdi0841MKNbqb+E5L/2Q=\n-----END RSA PRIVATE KEY-----\n",
            "private_key_pem_pkcs8": "-----BEGIN PRIVATE KEY-----\nMIIJQgIBADANBgkqhkiG9w0BAQEFAASCCSwwggkoAgEAAoICAQCpv8/w5/dtWUNw\n8nWkK9eGK5QbUTS+SdLf4A/Zp26l+dav4LlYntUTlPROixFZcw6OhToDWJNOmkPx\njT+pWbVV6kxThUAgh7Sk0AvkFzVrBO+hklIhO9mZFUPe4z2EyHvrd8d8HL+nv6nn\n+mI3AYkJgBW8BGtHZsCuvSsesUrIKt3/1DStaFEUI4NKrNmK2g2RMRDpGjRhvrXr\nTOl41w8jkO7fz0SCXwBkE5Kswl7UJaJNhd+v/0sMfg+NGJtG2yZoMaZj2PGLSV+7\nrfRBBlySG2HiMQImlpaDR4Ux4UU7iF6917PX4DAJ0DN0YammvRB7gxA1/ru53TwW\nv8Kn4OtOuio1kjlDqBFxAaBT1C9mTw8yjLOA5uVDhWfzuxwndSSIXTOS6syZ5Umx\n3vzlnphCRFESHXiJMQONCjnxG3MUlPKUW60whXkBWM20qOl8iB0TCj4yKwr9R7ww\nII9hZ91t1rxFrz7bGnb04w/5bFCw/VwzlKVAUDljcsFf6QlPdEVs5Z0e5oOiR8hp\nNlFGz+JkuVaHCLrdkPu145ztYA45/c9GYp1Z9yuxk2YWtJE6wY/hod/7iCtwyVbO\n5CG5DX513h2jURZ80Vh4hcN4o9seCENP5R2wfQRt+QhcSbrTPFwfsStqZ0k2r+s4\nOcKyoME1SXuBocCHizEI7W1/14PmgQIDAQABAoICAAJX5QBDKAVL9IJazwLhRe9O\nwwOP5tS3CL6tYXOiiAyJlQAaX92mSuxLX8ZlLSQLMornMf1rhcRRrO0g40VwgRBQ\nqM1E/U07qVvGeVkMpNirda5JGooV2SWP048gS4RFlyAZcB0ViaPoeXlD0aL3Mf3S\nDU7CP/vBQmkBIJcayQS3kocsbg4cJuUifr6nUWUdSK9ZxkU1Bt7H8OuIvS79V0qx\nLqqDWkOLWaJQCrv4vpHSu41y2wNDQL1BUOA0jBl1t1dsMssNYst+q7gf1Qu4IXtU\n/mBWt0wag2U4XbFiLfQ2CCKKV5vD9w7OH3U4f0zHbrKpTO4lZDCbEjghTV/nWwE2\nX0dpcMuX00XAqZR/5XPxlpwpNvIMHMFG1l1ArSotedWMwfASi3TtCZhXtj9NvJnw\nwl8Q6M2J/ReXQ2Dh7ItHzUjbologT7yeSKQpOJdyEKFnacC26mGMAhqHZMP0giL/\nptGz2OXyXhghSMxqvI9qmjq7FwV5BxBJpDog11AgHCxHsUvkKVqBx0zWnjmCSd4F\nA52oV53oRp6IFCg50zwrtney5Y9NVWGF4SPKp/jUY7o0gklzeAafLnIJhnAMoVoy\nZ/vtYjcG802qI/D2J1IFFHmZLWRfOBAVBJPA/SYZvcS6EQ5w0a2nwuTzYOOoCax4\nmDE6L1OCzxi5dhaKCumBAoIBAQDOgkakeF7jKYIImI/J17lSwc44kWJl77gSSxoo\nFV5A25iiJAVN9qf0AQriB0oU3q6igxUSwScM9JMoEBfkX9VJ8LylrbdVKlQOHaF6\nKRgUu8kW8v8LnCtSgq2foSuWS7pvJzkSZpHOtn/izYQGtr0jqtIL9HteI3a/qzey\nUVtmas4+OPEe2mr/4Qd32fAkoQzZpCBiffVGAYc0EOET7NFz24CAbL4tYMF3BP97\njzz4HTA8qgs6v+oSF2dnFWLWW7vpiYKoefGKG2gM9nZmrKoYcSbV54ZwTsr9BGSZ\nnuXjeJv2B33PvAuWyFEOaqJQua3zfPb7tvfUeiClRyMTSEbBAoIBAQDSbkL1gvyF\nfXTOHuVteMiALGRMdpRgPqRVOrHKA9jpuKwTvLPci/WIwlm9yhtVr97ZxOmSHWWB\nx1jJeZfoNjbx7UYdfAj+HtvVP1twQZixOIia4tJfjvJjZTL1AK5M1+ZPHQtc7dmB\nFAvPLWIH2bwPoFyx9Tyo2/YIQy+8tVPnAQA5mTpbZ0YUze0trbFoQUzfNSRnd30/\nxCow1VQKtPS3bzaRIMS0z4hONH5gHUrRZiUoIPd42iow24uuLzMQlWIewmK/7ubt\nsaorwKB8CvRAm5P7/921C6Rt8RdnstpFBXGLXRSIl3EYU5L9p93TIfBTsXeuRbS1\nPiKwI1IFcU/BAoIBAQDMnKov9hBWVd9AcyEtJbC6/co9pFdxlva0MXOmOZ3c93gh\nVz1mRTmee5Xz5LMTQJyZ6vVrUrRFkuNns6Jopken7n6MTjYzjTAhmFxRtPvmNzYE\nphnsv/zw0QgE/WU5kqkTzzIuODDKN2s5JtZk7JU1DOD39XJzEQJs4NHbvd6o+LSH\nVFYcct/HzoheyTK2qFgaIRPxYsouZf83qG3LFz9k4x1MofJA9fha3DnjjEYltI4B\n3Z4oxNTAvi23Jqp6qAPlXll2YvTfGU6cYWtpSjVy6FJJaRB8oKVh0wN2bslq/CrT\nuBKBTNnSuYIOnbtb7s4bTjtNprmh7qv/9x8a0OdBAoIBAEko3oy+8o5ylKaI5VkP\nEh5F0MUowONJRBcBpghHGCYB94mRJLM70ayvbUXnu2MqFv99T3tmTwE0znCVnrO0\nDZxE0wizM+ktz14vfdnkZHLQ5eV7kIp6h1j5OSMnDnJW6ZJ91ZKEewc+cfCgpaF3\nGMQSC8gvK9zFRJ+QxEsGe9onZe2gkUJwAFSBV8F2zuQhN9mufy6dw2TlDYoW0PY7\n/Yy81KrWSq1WLdyKsZk29ekhay+tbnyM1PhRjBmN/WH5nbh1+qEiLRVcnH5DpUgb\nAtpnfKazSWCFYLB8jpeV/f7bKqO6Q8ZNaJt9ivA3aY7bENP4MlTblT0iEitMzFpq\nD8ECggEAIu8B35WA/pLiuH7wt805wXkDWaK5WYygG7vZ2LDWtP65AJvTX3PCi1x4\nm9m3y0KFmsdEs1/X6hrTkIS8Lr+CDLN+pIqUJdGX2S32U1Eb4lTYoeKmVs3HSFx/\nwioVsXLMGm+Elh1cj9jakApnryCcjdHuVSjC2wq52Lh535gL2t3WJ6PYFh6CkSZb\n/i2xOY0LWomLlnzwig/p2jWkDXR273nTUrS4di9brZDAhUv1w0rj60Df3Ul8UsVZ\nUZKRRWOVuLmDgWFgOz6twZdrFhL/nFTod7dOX6q7/epcb8vTVMoGIzlPdbJ79Xkk\nXvjhg3/RIKx2LTzjUwo1upv4Tkv/ZA==\n-----END PRIVATE KEY-----\n",
            "public_key_fingerprint_md5": "fc:46:f6:d7:14:58:bb:e7:91:60:c4:1e:37:7d:46:03",
            "public_key_fingerprint_sha256": "SHA256:K9O/aePBPvSshMoykkJ/8LaNPxr8vkKZfvoDWm+Ztqw",
            "public_key_openssh": "ssh-rsa AAAAB3NzaC1yc2EAAAADAQABAAACAQCpv8/w5/dtWUNw8nWkK9eGK5QbUTS+SdLf4A/Zp26l+dav4LlYntUTlPROixFZcw6OhToDWJNOmkPxjT+pWbVV6kxThUAgh7Sk0AvkFzVrBO+hklIhO9mZFUPe4z2EyHvrd8d8HL+nv6nn+mI3AYkJgBW8BGtHZsCuvSsesUrIKt3/1DStaFEUI4NKrNmK2g2RMRDpGjRhvrXrTOl41w8jkO7fz0SCXwBkE5Kswl7UJaJNhd+v/0sMfg+NGJtG2yZoMaZj2PGLSV+7rfRBBlySG2HiMQImlpaDR4Ux4UU7iF6917PX4DAJ0DN0YammvRB7gxA1/ru53TwWv8Kn4OtOuio1kjlDqBFxAaBT1C9mTw8yjLOA5uVDhWfzuxwndSSIXTOS6syZ5Umx3vzlnphCRFESHXiJMQONCjnxG3MUlPKUW60whXkBWM20qOl8iB0TCj4yKwr9R7wwII9hZ91t1rxFrz7bGnb04w/5bFCw/VwzlKVAUDljcsFf6QlPdEVs5Z0e5oOiR8hpNlFGz+JkuVaHCLrdkPu145ztYA45/c9GYp1Z9yuxk2YWtJE6wY/hod/7iCtwyVbO5CG5DX513h2jURZ80Vh4hcN4o9seCENP5R2wfQRt+QhcSbrTPFwfsStqZ0k2r+s4OcKyoME1SXuBocCHizEI7W1/14PmgQ==\n",
            "public_key_pem": "-----BEGIN PUBLIC KEY-----\nMIICIjANBgkqhkiG9w0BAQEFAAOCAg8AMIICCgKCAgEAqb/P8Of3bVlDcPJ1pCvX\nhiuUG1E0vknS3+AP2adupfnWr+C5WJ7VE5T0TosRWXMOjoU6A1iTTppD8Y0/qVm1\nVepMU4VAIIe0pNAL5Bc1awTvoZJSITvZmRVD3uM9hMh763fHfBy/p7+p5/piNwGJ\nCYAVvARrR2bArr0rHrFKyCrd/9Q0rWhRFCODSqzZitoNkTEQ6Ro0Yb6160zpeNcP\nI5Du389Egl8AZBOSrMJe1CWiTYXfr/9LDH4PjRibRtsmaDGmY9jxi0lfu630QQZc\nkhth4jECJpaWg0eFMeFFO4hevdez1+AwCdAzdGGppr0Qe4MQNf67ud08Fr/Cp+Dr\nTroqNZI5Q6gRcQGgU9QvZk8PMoyzgOblQ4Vn87scJ3UkiF0zkurMmeVJsd785Z6Y\nQkRREh14iTEDjQo58RtzFJTylFutMIV5AVjNtKjpfIgdEwo+MisK/Ue8MCCPYWfd\nbda8Ra8+2xp29OMP+WxQsP1cM5SlQFA5Y3LBX+kJT3RFbOWdHuaDokfIaTZRRs/i\nZLlWhwi63ZD7teOc7WAOOf3PRmKdWfcrsZNmFrSROsGP4aHf+4grcMlWzuQhuQ1+\ndd4do1EWfNFYeIXDeKPbHghDT+UdsH0EbfkIXEm60zxcH7EramdJNq/rODnCsqDB\nNUl7gaHAh4sxCO1tf9eD5oECAwEAAQ==\n-----END PUBLIC KEY-----\n",
            "rsa_bits": 4096
          },
          "sensitive_attributes": [
            [
              {
                "type": "get_attr",
                "value": "private_key_openssh"
              }
            ],
            [
              {
                "type": "get_attr",
                "value": "private_key_pem"
              }
            ],
            [
              {
                "type": "get_attr",
                "value": "private_key_pem_pkcs8"
              }
            ]
          ]
        }
      ]
    }
  ],
  "check_results": null
}
