{
  "version": 4,
  "terraform_version": "1.11.4",
  "serial": 36,
  "lineage": "23b9dce2-d403-0b48-48de-8d74e8d6087b",
  "outputs": {
    "instance_id": {
      "value": "i-07567b1da5faf9adf",
      "type": "string"
    },
    "instance_public_ip": {
      "value": "54.85.182.229",
      "type": "string"
    },
    "public_file_url": {
      "value": "https://mon-bucket-test-upload.s3.amazonaws.com/test-file.txt",
      "type": "string"
    },
    "s3_file_url": {
      "value": "https://mon-bucket-test-upload.s3.amazonaws.com/test-file.txt",
      "type": "string"
    },
    "website_url": {
      "value": "mon-bucket-test-upload.s3-website-us-east-1.amazonaws.com",
      "type": "string"
    }
  },
  "resources": [
    {
      "mode": "data",
      "type": "aws_ami",
      "name": "ubuntu",
      "provider": "provider[\"registry.terraform.io/hashicorp/aws\"]",
      "instances": [
        {
          "schema_version": 0,
          "attributes": {
            "architecture": "x86_64",
            "arn": "arn:aws:ec2:us-east-1::image/ami-0a7d80731ae1b2435",
            "block_device_mappings": [
              {
                "device_name": "/dev/sda1",
                "ebs": {
                  "delete_on_termination": "true",
                  "encrypted": "false",
                  "iops": "0",
                  "snapshot_id": "snap-00401753cf6f4b5e3",
                  "throughput": "0",
                  "volume_size": "8",
                  "volume_type": "gp2"
                },
                "no_device": "",
                "virtual_name": ""
              },
              {
                "device_name": "/dev/sdb",
                "ebs": {},
                "no_device": "",
                "virtual_name": "ephemeral0"
              },
              {
                "device_name": "/dev/sdc",
                "ebs": {},
                "no_device": "",
                "virtual_name": "ephemeral1"
              }
            ],
            "boot_mode": "uefi-preferred",
            "creation_date": "2025-05-16T06:42:41.000Z",
            "deprecation_time": "2027-05-16T06:42:41.000Z",
            "description": "Canonical, Ubuntu, 22.04, amd64 jammy image",
            "ena_support": true,
            "executable_users": null,
            "filter": [
              {
                "name": "name",
                "values": [
                  "ubuntu/images/hvm-ssd/ubuntu-jammy-22.04-amd64-server-*"
                ]
              },
              {
                "name": "virtualization-type",
                "values": [
                  "hvm"
                ]
              }
            ],
            "hypervisor": "xen",
            "id": "ami-0a7d80731ae1b2435",
            "image_id": "ami-0a7d80731ae1b2435",
            "image_location": "amazon/ubuntu/images/hvm-ssd/ubuntu-jammy-22.04-amd64-server-20250516",
            "image_owner_alias": "amazon",
            "image_type": "machine",
            "imds_support": "",
            "include_deprecated": false,
            "kernel_id": "",
            "most_recent": true,
            "name": "ubuntu/images/hvm-ssd/ubuntu-jammy-22.04-amd64-server-20250516",
            "name_regex": null,
            "owner_id": "099720109477",
            "owners": [
              "099720109477"
            ],
            "platform": "",
            "platform_details": "Linux/UNIX",
            "product_codes": [],
            "public": true,
            "ramdisk_id": "",
            "root_device_name": "/dev/sda1",
            "root_device_type": "ebs",
            "root_snapshot_id": "snap-00401753cf6f4b5e3",
            "sriov_net_support": "simple",
            "state": "available",
            "state_reason": {
              "code": "UNSET",
              "message": "UNSET"
            },
            "tags": {},
            "timeouts": null,
            "tpm_support": "",
            "usage_operation": "RunInstances",
            "virtualization_type": "hvm"
          },
          "sensitive_attributes": []
        }
      ]
    },
    {
      "mode": "managed",
      "type": "aws_instance",
      "name": "ec2_web",
      "provider": "provider[\"registry.terraform.io/hashicorp/aws\"]",
      "instances": [
        {
          "schema_version": 1,
          "attributes": {
            "ami": "ami-0a7d80731ae1b2435",
            "arn": "arn:aws:ec2:us-east-1:546254392206:instance/i-07567b1da5faf9adf",
            "associate_public_ip_address": true,
            "availability_zone": "us-east-1b",
            "capacity_reservation_specification": [
              {
                "capacity_reservation_preference": "open",
                "capacity_reservation_target": []
              }
            ],
            "cpu_core_count": 1,
            "cpu_options": [
              {
                "amd_sev_snp": "",
                "core_count": 1,
                "threads_per_core": 1
              }
            ],
            "cpu_threads_per_core": 1,
            "credit_specification": [
              {
                "cpu_credits": "standard"
              }
            ],
            "disable_api_stop": false,
            "disable_api_termination": false,
            "ebs_block_device": [],
            "ebs_optimized": false,
            "enclave_options": [
              {
                "enabled": false
              }
            ],
            "ephemeral_block_device": [],
            "get_password_data": false,
            "hibernation": false,
            "host_id": "",
            "host_resource_group_arn": null,
            "iam_instance_profile": "",
            "id": "i-07567b1da5faf9adf",
            "instance_initiated_shutdown_behavior": "stop",
            "instance_state": "running",
            "instance_type": "t2.micro",
            "ipv6_address_count": 0,
            "ipv6_addresses": [],
            "key_name": "deployer-key",
            "launch_template": [],
            "maintenance_options": [
              {
                "auto_recovery": "default"
              }
            ],
            "metadata_options": [
              {
                "http_endpoint": "enabled",
                "http_put_response_hop_limit": 1,
                "http_tokens": "optional",
                "instance_metadata_tags": "disabled"
              }
            ],
            "monitoring": false,
            "network_interface": [],
            "outpost_arn": "",
            "password_data": "",
            "placement_group": "",
            "placement_partition_number": 0,
            "primary_network_interface_id": "eni-0576d3f80d88b7d41",
            "private_dns": "ip-172-31-80-34.ec2.internal",
            "private_dns_name_options": [
              {
                "enable_resource_name_dns_a_record": false,
                "enable_resource_name_dns_aaaa_record": false,
                "hostname_type": "ip-name"
              }
            ],
            "private_ip": "172.31.80.34",
            "public_dns": "ec2-54-85-182-229.compute-1.amazonaws.com",
            "public_ip": "54.85.182.229",
            "root_block_device": [
              {
                "delete_on_termination": true,
                "device_name": "/dev/sda1",
                "encrypted": false,
                "iops": 100,
                "kms_key_id": "",
                "tags": {},
                "throughput": 0,
                "volume_id": "vol-0ea393dfd7b8ed835",
                "volume_size": 8,
                "volume_type": "gp2"
              }
            ],
            "secondary_private_ips": [],
            "security_groups": [
              "nginx-sg"
            ],
            "source_dest_check": true,
            "subnet_id": "subnet-04ec4bcfb1f294a68",
            "tags": {
              "Name": "mon-instance-ec2",
              "Role": "web"
            },
            "tags_all": {
              "Name": "mon-instance-ec2",
              "Role": "web"
            },
            "tenancy": "default",
            "timeouts": null,
            "user_data": null,
            "user_data_base64": null,
            "user_data_replace_on_change": false,
            "volume_tags": null,
            "vpc_security_group_ids": [
              "sg-0bd17c206638a1a16"
            ]
          },
          "sensitive_attributes": [],
          "private": "eyJlMmJmYjczMC1lY2FhLTExZTYtOGY4OC0zNDM2M2JjN2M0YzAiOnsiY3JlYXRlIjo2MDAwMDAwMDAwMDAsImRlbGV0ZSI6MTIwMDAwMDAwMDAwMCwidXBkYXRlIjo2MDAwMDAwMDAwMDB9LCJzY2hlbWFfdmVyc2lvbiI6IjEifQ==",
          "dependencies": [
            "aws_key_pair.deployer",
            "aws_security_group.web",
            "data.aws_ami.ubuntu",
            "tls_private_key.ssh_key"
          ]
        }
      ]
    },
    {
      "mode": "managed",
      "type": "aws_key_pair",
      "name": "deployer",
      "provider": "provider[\"registry.terraform.io/hashicorp/aws\"]",
      "instances": [
        {
          "schema_version": 1,
          "attributes": {
            "arn": "arn:aws:ec2:us-east-1:546254392206:key-pair/deployer-key",
            "fingerprint": "d0:64:b8:97:17:f6:dd:84:da:db:b3:54:ce:f7:68:79",
            "id": "deployer-key",
            "key_name": "deployer-key",
            "key_name_prefix": "",
            "key_pair_id": "key-06b2d82165cdff2b0",
            "key_type": "rsa",
            "public_key": "ssh-rsa AAAAB3NzaC1yc2EAAAADAQABAAACAQDTr5eD/emX8tiMBiuqwa5RRxDBRftg7O49GkX+NgUqPoVc7r5Uen826+HBLFOZ6C44tmpBJ3MR5vnKGUxKsuay/IiTjDDbj/in5l1u/xuuVdosEG2QP9qmepqEQJJ0aeDJY0BwZkqvV7pW1PH1X+lcBUsw5sKUZq/O7TCmSXO6c+DHujSBXCuAoogJd8xgeYH6lO1BbPclUgBSzY1oNE03jfzXaDBIhrLHYXN2bAVHIsOyNXJyOja3aIy8PbXqs7LbdHiryPls4RJIpI9qSJKAMJcba0gtncIZ5sH3irSSOyRIqwjpAKNZjYf+eqBc0d4RR6feTlSRKJuu4f8uTmc6dvCDXSbsHH03Hs4Jt2jEdEo7xK6t2V2dwtWqgKvgW4xvf/V1NQNs/aU8BXf0WHbCbnzsAZQm+0y90PiSrvtG/GZjKBlO8hkr7m98YQQcOjCzd3GMl2Yxilk0JZyaa5Z406Dn432E2nLSyHKU73Gctp4QU/O+H6bYPUJPfcQBLshTgSUzBoQTb2OfVwaNf6BMrGqQCvZjjMjOdGdboy/RbzODMX7nkAKqRyTzX6s+ckgALP4sSyEiz8r0LqkskzBg9CKCEdF6KRFBUudXvX1q879cMJOWMODweh7HQvCfHOZSwaq8/40f3BET0yE0WmH2yLaVYEuuqETN3F1ecp8hiw==",
            "tags": {},
            "tags_all": {}
          },
          "sensitive_attributes": [],
          "private": "eyJzY2hlbWFfdmVyc2lvbiI6IjEifQ==",
          "dependencies": [
            "tls_private_key.ssh_key"
          ]
        }
      ]
    },
    {
      "mode": "managed",
      "type": "aws_s3_bucket",
      "name": "demo_bucket",
      "provider": "provider[\"registry.terraform.io/hashicorp/aws\"]",
      "instances": [
        {
          "schema_version": 0,
          "attributes": {
            "acceleration_status": "",
            "acl": null,
            "arn": "arn:aws:s3:::mon-bucket-test-upload",
            "bucket": "mon-bucket-test-upload",
            "bucket_domain_name": "mon-bucket-test-upload.s3.amazonaws.com",
            "bucket_prefix": "",
            "bucket_regional_domain_name": "mon-bucket-test-upload.s3.amazonaws.com",
            "cors_rule": [],
            "force_destroy": false,
            "grant": [
              {
                "id": "47542b6ff570772aa434ae2eb6e7ccfbffd660aeaeb3a1404134bbfe9d897679",
                "permissions": [
                  "FULL_CONTROL"
                ],
                "type": "CanonicalUser",
                "uri": ""
              }
            ],
            "hosted_zone_id": "Z3AQBSTGFYJSTF",
            "id": "mon-bucket-test-upload",
            "lifecycle_rule": [],
            "logging": [],
            "object_lock_configuration": [],
            "object_lock_enabled": false,
            "policy": "{\"Statement\":[{\"Action\":\"s3:GetObject\",\"Effect\":\"Allow\",\"Principal\":\"*\",\"Resource\":\"arn:aws:s3:::mon-bucket-test-upload/*\",\"Sid\":\"PublicReadGetObject\"}],\"Version\":\"2012-10-17\"}",
            "region": "us-east-1",
            "replication_configuration": [],
            "request_payer": "BucketOwner",
            "server_side_encryption_configuration": [
              {
                "rule": [
                  {
                    "apply_server_side_encryption_by_default": [
                      {
                        "kms_master_key_id": "",
                        "sse_algorithm": "AES256"
                      }
                    ],
                    "bucket_key_enabled": false
                  }
                ]
              }
            ],
            "tags": {},
            "tags_all": {},
            "timeouts": null,
            "versioning": [
              {
                "enabled": false,
                "mfa_delete": false
              }
            ],
            "website": [
              {
                "error_document": "error.html",
                "index_document": "index.html",
                "redirect_all_requests_to": "",
                "routing_rules": ""
              }
            ],
            "website_domain": "s3-website-us-east-1.amazonaws.com",
            "website_endpoint": "mon-bucket-test-upload.s3-website-us-east-1.amazonaws.com"
          },
          "sensitive_attributes": [],
          "private": "eyJlMmJmYjczMC1lY2FhLTExZTYtOGY4OC0zNDM2M2JjN2M0YzAiOnsiY3JlYXRlIjoxMjAwMDAwMDAwMDAwLCJkZWxldGUiOjM2MDAwMDAwMDAwMDAsInJlYWQiOjEyMDAwMDAwMDAwMDAsInVwZGF0ZSI6MTIwMDAwMDAwMDAwMH19"
        }
      ]
    },
    {
      "mode": "managed",
      "type": "aws_s3_bucket_ownership_controls",
      "name": "ownership",
      "provider": "provider[\"registry.terraform.io/hashicorp/aws\"]",
      "instances": [
        {
          "schema_version": 0,
          "attributes": {
            "bucket": "mon-bucket-test-upload",
            "id": "mon-bucket-test-upload",
            "rule": [
              {
                "object_ownership": "BucketOwnerEnforced"
              }
            ]
          },
          "sensitive_attributes": [],
          "private": "bnVsbA==",
          "dependencies": [
            "aws_s3_bucket.demo_bucket"
          ]
        }
      ]
    },
    {
      "mode": "managed",
      "type": "aws_s3_bucket_policy",
      "name": "public_read",
      "provider": "provider[\"registry.terraform.io/hashicorp/aws\"]",
      "instances": [
        {
          "schema_version": 0,
          "attributes": {
            "bucket": "mon-bucket-test-upload",
            "id": "mon-bucket-test-upload",
            "policy": "{\"Statement\":[{\"Action\":[\"s3:GetObject\"],\"Effect\":\"Allow\",\"Principal\":\"*\",\"Resource\":\"arn:aws:s3:::mon-bucket-test-upload/*\",\"Sid\":\"PublicReadGetObject\"}],\"Version\":\"2012-10-17\"}"
          },
          "sensitive_attributes": [],
          "private": "bnVsbA==",
          "dependencies": [
            "aws_s3_bucket.demo_bucket",
            "aws_s3_bucket_public_access_block.allow_public_access"
          ]
        }
      ]
    },
    {
      "mode": "managed",
      "type": "aws_s3_bucket_public_access_block",
      "name": "allow_public_access",
      "provider": "provider[\"registry.terraform.io/hashicorp/aws\"]",
      "instances": [
        {
          "schema_version": 0,
          "attributes": {
            "block_public_acls": false,
            "block_public_policy": false,
            "bucket": "mon-bucket-test-upload",
            "id": "mon-bucket-test-upload",
            "ignore_public_acls": false,
            "restrict_public_buckets": false
          },
          "sensitive_attributes": [],
          "private": "bnVsbA==",
          "dependencies": [
            "aws_s3_bucket.demo_bucket"
          ]
        }
      ]
    },
    {
      "mode": "managed",
      "type": "aws_s3_bucket_website_configuration",
      "name": "website",
      "provider": "provider[\"registry.terraform.io/hashicorp/aws\"]",
      "instances": [
        {
          "schema_version": 0,
          "attributes": {
            "bucket": "mon-bucket-test-upload",
            "error_document": [
              {
                "key": "error.html"
              }
            ],
            "expected_bucket_owner": "",
            "id": "mon-bucket-test-upload",
            "index_document": [
              {
                "suffix": "index.html"
              }
            ],
            "redirect_all_requests_to": [],
            "routing_rule": [],
            "routing_rules": "",
            "website_domain": "s3-website-us-east-1.amazonaws.com",
            "website_endpoint": "mon-bucket-test-upload.s3-website-us-east-1.amazonaws.com"
          },
          "sensitive_attributes": [],
          "private": "bnVsbA==",
          "dependencies": [
            "aws_s3_bucket.demo_bucket"
          ]
        }
      ]
    },
    {
      "mode": "managed",
      "type": "aws_s3_object",
      "name": "index_file",
      "provider": "provider[\"registry.terraform.io/hashicorp/aws\"]",
      "instances": [
        {
          "schema_version": 0,
          "attributes": {
            "acl": "private",
            "bucket": "mon-bucket-test-upload",
            "bucket_key_enabled": false,
            "cache_control": "",
            "content": null,
            "content_base64": null,
            "content_disposition": "",
            "content_encoding": "",
            "content_language": "",
            "content_type": "text/html",
            "etag": "400c2b955e4a1749e92523d857e5ba88",
            "force_destroy": false,
            "id": "index.html",
            "key": "index.html",
            "kms_key_id": null,
            "metadata": {},
            "object_lock_legal_hold_status": "",
            "object_lock_mode": "",
            "object_lock_retain_until_date": "",
            "server_side_encryption": "AES256",
            "source": "./index.html",
            "source_hash": null,
            "storage_class": "STANDARD",
            "tags": {},
            "tags_all": {},
            "version_id": "",
            "website_redirect": ""
          },
          "sensitive_attributes": [],
          "private": "bnVsbA==",
          "dependencies": [
            "aws_s3_bucket.demo_bucket"
          ]
        }
      ]
    },
    {
      "mode": "managed",
      "type": "aws_s3_object",
      "name": "uploaded_file",
      "provider": "provider[\"registry.terraform.io/hashicorp/aws\"]",
      "instances": [
        {
          "schema_version": 0,
          "attributes": {
            "acl": "private",
            "bucket": "mon-bucket-test-upload",
            "bucket_key_enabled": false,
            "cache_control": "",
            "content": null,
            "content_base64": null,
            "content_disposition": "",
            "content_encoding": "",
            "content_language": "",
            "content_type": "binary/octet-stream",
            "etag": "acd3ac02c7352c85be1313f27af728a0",
            "force_destroy": false,
            "id": "test-file.txt",
            "key": "test-file.txt",
            "kms_key_id": null,
            "metadata": {},
            "object_lock_legal_hold_status": "",
            "object_lock_mode": "",
            "object_lock_retain_until_date": "",
            "server_side_encryption": "AES256",
            "source": "./test-file.txt",
            "source_hash": null,
            "storage_class": "STANDARD",
            "tags": {},
            "tags_all": {},
            "version_id": "",
            "website_redirect": ""
          },
          "sensitive_attributes": [],
          "private": "bnVsbA==",
          "dependencies": [
            "aws_s3_bucket.demo_bucket"
          ]
        }
      ]
    },
    {
      "mode": "managed",
      "type": "aws_security_group",
      "name": "web",
      "provider": "provider[\"registry.terraform.io/hashicorp/aws\"]",
      "instances": [
        {
          "schema_version": 1,
          "attributes": {
            "arn": "arn:aws:ec2:us-east-1:546254392206:security-group/sg-0bd17c206638a1a16",
            "description": "Allow web and SSH traffic",
            "egress": [
              {
                "cidr_blocks": [
                  "0.0.0.0/0"
                ],
                "description": "Allow all outbound traffic",
                "from_port": 0,
                "ipv6_cidr_blocks": [],
                "prefix_list_ids": [],
                "protocol": "-1",
                "security_groups": [],
                "self": false,
                "to_port": 0
              }
            ],
            "id": "sg-0bd17c206638a1a16",
            "ingress": [
              {
                "cidr_blocks": [
                  "0.0.0.0/0"
                ],
                "description": "Allow HTTP traffic",
                "from_port": 80,
                "ipv6_cidr_blocks": [],
                "prefix_list_ids": [],
                "protocol": "tcp",
                "security_groups": [],
                "self": false,
                "to_port": 80
              },
              {
                "cidr_blocks": [
                  "0.0.0.0/0"
                ],
                "description": "Allow SSH traffic",
                "from_port": 22,
                "ipv6_cidr_blocks": [],
                "prefix_list_ids": [],
                "protocol": "tcp",
                "security_groups": [],
                "self": false,
                "to_port": 22
              }
            ],
            "name": "nginx-sg",
            "name_prefix": "",
            "owner_id": "546254392206",
            "revoke_rules_on_delete": false,
            "tags": {
              "Name": "nginx-sg"
            },
            "tags_all": {
              "Name": "nginx-sg"
            },
            "timeouts": null,
            "vpc_id": "vpc-0105ef34caf22d37d"
          },
          "sensitive_attributes": [],
          "private": "eyJlMmJmYjczMC1lY2FhLTExZTYtOGY4OC0zNDM2M2JjN2M0YzAiOnsiY3JlYXRlIjo2MDAwMDAwMDAwMDAsImRlbGV0ZSI6OTAwMDAwMDAwMDAwfSwic2NoZW1hX3ZlcnNpb24iOiIxIn0="
        }
      ]
    },
    {
      "mode": "managed",
      "type": "local_file",
      "name": "private-key",
      "provider": "provider[\"registry.terraform.io/hashicorp/local\"]",
      "instances": [
        {
          "schema_version": 0,
          "attributes": {
            "content": "-----BEGIN RSA PRIVATE KEY-----\nMIIJKgIBAAKCAgEA06+Xg/3pl/LYjAYrqsGuUUcQwUX7YOzuPRpF/jYFKj6FXO6+\nVHp/NuvhwSxTmeguOLZqQSdzEeb5yhlMSrLmsvyIk4ww24/4p+Zdbv8brlXaLBBt\nkD/apnqahECSdGngyWNAcGZKr1e6VtTx9V/pXAVLMObClGavzu0wpklzunPgx7o0\ngVwrgKKICXfMYHmB+pTtQWz3JVIAUs2NaDRNN43812gwSIayx2FzdmwFRyLDsjVy\ncjo2t2iMvD216rOy23R4q8j5bOESSKSPakiSgDCXG2tILZ3CGebB94q0kjskSKsI\n6QCjWY2H/nqgXNHeEUen3k5UkSibruH/Lk5nOnbwg10m7Bx9Nx7OCbdoxHRKO8Su\nrdldncLVqoCr4FuMb3/1dTUDbP2lPAV39Fh2wm587AGUJvtMvdD4kq77RvxmYygZ\nTvIZK+5vfGEEHDows3dxjJdmMYpZNCWcmmuWeNOg5+N9hNpy0shylO9xnLaeEFPz\nvh+m2D1CT33EAS7IU4ElMwaEE29jn1cGjX+gTKxqkAr2Y4zIznRnW6Mv0W8zgzF+\n55ACqkck81+rPnJIACz+LEshIs/K9C6pLJMwYPQighHReikRQVLnV719avO/XDCT\nljDg8Hoex0LwnxzmUsGqvP+NH9wRE9MhNFph9si2lWBLrqhEzdxdXnKfIYsCAwEA\nAQKCAgBpAt94A/rgfQD9nYYGBGS0PzvJlSzZ7U9WEnWMYUH4reE8s9bJU6dOGH/6\nc0HZxLtBOQTG44oK5Hkfz6LwH4WgXvRltZL7KJWivP22tWkG9+HuIAwqFfMiyQlj\n+CBvDaMMZGcwGx6Lk0qGDsclAXpjQuEFFkSKl9I5JaMPqrp1UUy959pqHc4a1wYD\nJGHHrh9TrpNv9F06L06nxP6UJfX0TESUm0PwhpmjnO1JXtbTbiSEgE0Q613/aCcA\nruBS2OguQ74lAeLyJ0kJrlDS2cOLQg+D85lvv6XtcXLhmPZw4FPklKwr4jwmjbZc\nAHsS8K1oBxL4jgUXqXxpqgUL9KryB79G9r8Gp70gKc/VfkzcaG/kOeBTT7I5t+pw\ney323749Ujj+/7Hs0C/RJ3h9RQziA93ekqTzxhaeGLXSapGlRgRFE+vtCfs0tJf/\ns6ncw1lpCkHHFTCMx73NmwRyovaW2UvtVYOhHajZnY3MnxkGkHNaKKEB5XW/ZjxM\nONFrPqz9j6txh70YxzaPG7rX2nR8YdB9NQVZTA+azaom1W1f1ajJSY9wEYwBSW3z\nmwA2lIfYsFNFoB3QqbdBZfMOdeykyPUZ7Sp8LCkVmYYt6IsptcJzBiuuQFGecWO5\nSQn1GSw3aqAvay6x0zt7gZ/vqxVMM6zIZA4kpQo0JOn7EGg78QKCAQEA4W9fJ5xD\nZAzRU2vAbIvHk3X/hyob6mOmpZ6Bwu2TGmQ1ZlX8IgTPEgb+nsdxhpOzJbzhyBuJ\nbmSRcEv2iTwrjyCtU8iwOicc1JQeAlnkFVXg13oSOkW3E/Nt6evGByexe5tIcsmH\nCyKhNkvdL5jt3eKvS44/60f5W6U23dxw39QWNLnl8WpjF1IKkz+BX3DhudZ4BObx\nQr04g0He9B9oCqvh0UtKKGWSGB0qgeL2h2gNiyXiqyUO42XhFVL3adJ+NcNyd4CK\ntsvMs2FGLfqezAaxOQ/hegASIUClmh0TE+sEbHUGlVPIDdpZDd+HdGsdXDWAqIQc\nIHfreEIFuSXKMwKCAQEA8GMARVZk+uZGqwNL9fPLQJfpzHR1NUIA7KFLC2FKZgH9\nMmqegsc1qA1RvvZ1yKIs4KtLseVbC0smvLGHxg7b3lWhm1Qx+cvI4URWiZ1TZymc\nCQbIaebc11dAYUw7GdSKCSe4pGvn0JLKvN+qve+NcLSuXbRxrEZT4pGeqs4rMb8g\nLqN/g/8X6WSw/d/KpBudg4FWUh8M+9K6DRu4Eyb0IQTW4O6hpCZ+Y15ksL42in+W\nuPbI9N2fNwEKBLHaWRFz3Inbw7M0EsUxk7DAZRmAO2/vXZtHMv5T+QVbEI9Wz9v8\nRMF48A3SaIXwVJSOuVdSjcPku8J+8BiYCJNRpn6jSQKCAQEAkwOhZ2CFplKhlCh5\n5Y/GiEj0aj4w1EtGW02iS+/I9fYRyPocIkdGjvgWxo9EXsIlm1+xUmF6344gNr6j\nOV4O/hkOT8xZ+KKXL56kb14V20AVEBCgoHXkbdNbg6hpjTL6kKR0u77nHYDo51LU\nHP07am8xaDGNR6+5U2XMASWISr+x95Kf/S8nDgdHtD0+7nHcEuhlfrTo82AY4ahs\ncIGmxQbQjj/uTafnfWhP10KfCTD3XB5J0tio++ztu41OoilOe1tJY9tlGs6PYQ/3\nx3ZgZqeanZ7YqUowiJTzKiz5ywyB5wTuVSW9GiOh3eU/HdHY5NBTZhI5kYcC/Xr4\n5oRZdwKCAQEAluc/Q0fB6nNmh3JxW/voaysyXOP6tC00EVgLmSBBKRo0jVK7IRPX\nTiDWYU+sjv+ntn4x7YIyjjtmHOxBdIbdZYxSAAVxvgM8npVc0dTOh6NqTYxRgZGo\nrxIZ2zqUm1l+MdMaqTUH+Do+RSUPtV5NZyQ1laNx/JjFjiSl+0mjef4mQMDoir83\njo9kQGsddbnUPrqRqsnNR8R4gUQWYQeCF7xG/Dsxg6+ahdy6zu0JphYEUyaw7m61\nxTzEwj+391PqbNap/AdiOCpMPg+mJ5FDm4xgMl4I6y0XH+tJyHKDJ8dMbQkbV28F\n2BHE1gPQOO9lZpND4s5tC2IVBsUca61x6QKCAQEA38hikBqoTSHuSrZvxlZGAzbf\nSV2Ib4SCzhWeuupgWX7VA4vKJitc25EaaNEoaWOuD3hl/aODXlnChqe/LTyIMIK1\nlzbf1fZ9YI9xsDoDnexSUTSx3uxlYqPbaeBC0qK7l9bg0UsqfiAewG+o8mAdAB9I\nP9Uk7cNrie37vYElB6OtJeKO5V3M3P/oqhVZI9kVQqg1axzTZS8xSZiaGGDONPJ5\nnuGYXGdPgMLQPbEerWQnXZ7b2tqLAB0yv/mbbv1yQ/73AMqrCWKaFlpy8htTXYI7\nB4+NDfagQgPCf8YYhl7FhLZDj6+JQeP5imzsMUJ0bcq7daXY7SbIbOGRyG86eg==\n-----END RSA PRIVATE KEY-----\n",
            "content_base64": null,
            "content_base64sha256": "G3uD9lpuaeAiVmhRoxKO4GEEKPV/0f1QCiNgOnP4rIE=",
            "content_base64sha512": "IKIzOE0vPz0TWUGDxml31xVygkZt+8TgqDw3iiPSS5MMBjXabPFP6yqLwMLNpi7GScH8qUgDqD25oDpw3Zasig==",
            "content_md5": "eaf86d2c63b97d05465f108b7963c666",
            "content_sha1": "1d34444c34cbd3c4218a2279b800c7b206be9d3e",
            "content_sha256": "1b7b83f65a6e69e022566851a3128ee0610428f57fd1fd500a23603a73f8ac81",
            "content_sha512": "20a233384d2f3f3d13594183c66977d7157282466dfbc4e0a83c378a23d24b930c0635da6cf14feb2a8bc0c2cda62ec649c1fca94803a83db9a03a70dd96ac8a",
            "directory_permission": "0777",
            "file_permission": "0777",
            "filename": "./private.pem",
            "id": "1d34444c34cbd3c4218a2279b800c7b206be9d3e",
            "sensitive_content": null,
            "source": null
          },
          "sensitive_attributes": [
            [
              {
                "type": "get_attr",
                "value": "sensitive_content"
              }
            ],
            [
              {
                "type": "get_attr",
                "value": "content"
              }
            ]
          ],
          "dependencies": [
            "tls_private_key.ssh_key"
          ]
        }
      ]
    },
    {
      "mode": "managed",
      "type": "tls_private_key",
      "name": "ssh_key",
      "provider": "provider[\"registry.terraform.io/hashicorp/tls\"]",
      "instances": [
        {
          "schema_version": 1,
          "attributes": {
            "algorithm": "RSA",
            "ecdsa_curve": "P224",
            "id": "49f0c6dac48f2d46a8eb70f349e01daffc04a017",
            "private_key_openssh": "-----BEGIN OPENSSH PRIVATE KEY-----\nb3BlbnNzaC1rZXktdjEAAAAABG5vbmUAAAAEbm9uZQAAAAAAAAABAAACFwAAAAdz\nc2gtcnNhAAAAAwEAAQAAAgEA06+Xg/3pl/LYjAYrqsGuUUcQwUX7YOzuPRpF/jYF\nKj6FXO6+VHp/NuvhwSxTmeguOLZqQSdzEeb5yhlMSrLmsvyIk4ww24/4p+Zdbv8b\nrlXaLBBtkD/apnqahECSdGngyWNAcGZKr1e6VtTx9V/pXAVLMObClGavzu0wpklz\nunPgx7o0gVwrgKKICXfMYHmB+pTtQWz3JVIAUs2NaDRNN43812gwSIayx2FzdmwF\nRyLDsjVycjo2t2iMvD216rOy23R4q8j5bOESSKSPakiSgDCXG2tILZ3CGebB94q0\nkjskSKsI6QCjWY2H/nqgXNHeEUen3k5UkSibruH/Lk5nOnbwg10m7Bx9Nx7OCbdo\nxHRKO8SurdldncLVqoCr4FuMb3/1dTUDbP2lPAV39Fh2wm587AGUJvtMvdD4kq77\nRvxmYygZTvIZK+5vfGEEHDows3dxjJdmMYpZNCWcmmuWeNOg5+N9hNpy0shylO9x\nnLaeEFPzvh+m2D1CT33EAS7IU4ElMwaEE29jn1cGjX+gTKxqkAr2Y4zIznRnW6Mv\n0W8zgzF+55ACqkck81+rPnJIACz+LEshIs/K9C6pLJMwYPQighHReikRQVLnV719\navO/XDCTljDg8Hoex0LwnxzmUsGqvP+NH9wRE9MhNFph9si2lWBLrqhEzdxdXnKf\nIYsAAAc4SSxoZUksaGUAAAAHc3NoLXJzYQAAAgEA06+Xg/3pl/LYjAYrqsGuUUcQ\nwUX7YOzuPRpF/jYFKj6FXO6+VHp/NuvhwSxTmeguOLZqQSdzEeb5yhlMSrLmsvyI\nk4ww24/4p+Zdbv8brlXaLBBtkD/apnqahECSdGngyWNAcGZKr1e6VtTx9V/pXAVL\nMObClGavzu0wpklzunPgx7o0gVwrgKKICXfMYHmB+pTtQWz3JVIAUs2NaDRNN438\n12gwSIayx2FzdmwFRyLDsjVycjo2t2iMvD216rOy23R4q8j5bOESSKSPakiSgDCX\nG2tILZ3CGebB94q0kjskSKsI6QCjWY2H/nqgXNHeEUen3k5UkSibruH/Lk5nOnbw\ng10m7Bx9Nx7OCbdoxHRKO8SurdldncLVqoCr4FuMb3/1dTUDbP2lPAV39Fh2wm58\n7AGUJvtMvdD4kq77RvxmYygZTvIZK+5vfGEEHDows3dxjJdmMYpZNCWcmmuWeNOg\n5+N9hNpy0shylO9xnLaeEFPzvh+m2D1CT33EAS7IU4ElMwaEE29jn1cGjX+gTKxq\nkAr2Y4zIznRnW6Mv0W8zgzF+55ACqkck81+rPnJIACz+LEshIs/K9C6pLJMwYPQi\nghHReikRQVLnV719avO/XDCTljDg8Hoex0LwnxzmUsGqvP+NH9wRE9MhNFph9si2\nlWBLrqhEzdxdXnKfIYsAAAADAQABAAACAGkC33gD+uB9AP2dhgYEZLQ/O8mVLNnt\nT1YSdYxhQfit4Tyz1slTp04Yf/pzQdnEu0E5BMbjigrkeR/PovAfhaBe9GW1kvso\nlaK8/ba1aQb34e4gDCoV8yLJCWP4IG8NowxkZzAbHouTSoYOxyUBemNC4QUWRIqX\n0jklow+qunVRTL3n2modzhrXBgMkYceuH1Ouk2/0XTovTqfE/pQl9fRMRJSbQ/CG\nmaOc7Ule1tNuJISATRDrXf9oJwCu4FLY6C5DviUB4vInSQmuUNLZw4tCD4PzmW+/\npe1xcuGY9nDgU+SUrCviPCaNtlwAexLwrWgHEviOBRepfGmqBQv0qvIHv0b2vwan\nvSApz9V+TNxob+Q54FNPsjm36nB7Lfbfvj1SOP7/sezQL9EneH1FDOID3d6SpPPG\nFp4YtdJqkaVGBEUT6+0J+zS0l/+zqdzDWWkKQccVMIzHvc2bBHKi9pbZS+1Vg6Ed\nqNmdjcyfGQaQc1oooQHldb9mPEw40Ws+rP2Pq3GHvRjHNo8butfadHxh0H01BVlM\nD5rNqibVbV/VqMlJj3ARjAFJbfObADaUh9iwU0WgHdCpt0Fl8w517KTI9RntKnws\nKRWZhi3oiym1wnMGK65AUZ5xY7lJCfUZLDdqoC9rLrHTO3uBn++rFUwzrMhkDiSl\nCjQk6fsQaDvxAAABAQDfyGKQGqhNIe5Ktm/GVkYDNt9JXYhvhILOFZ666mBZftUD\ni8omK1zbkRpo0ShpY64PeGX9o4NeWcKGp78tPIgwgrWXNt/V9n1gj3GwOgOd7FJR\nNLHe7GVio9tp4ELSoruX1uDRSyp+IB7Ab6jyYB0AH0g/1STtw2uJ7fu9gSUHo60l\n4o7lXczc/+iqFVkj2RVCqDVrHNNlLzFJmJoYYM408nme4ZhcZ0+AwtA9sR6tZCdd\nntva2osAHTK/+Ztu/XJD/vcAyqsJYpoWWnLyG1NdgjsHj40N9qBCA8J/xhiGXsWE\ntkOPr4lB4/mKbOwxQnRtyrt1pdjtJshs4ZHIbzp6AAABAQDhb18nnENkDNFTa8Bs\ni8eTdf+HKhvqY6alnoHC7ZMaZDVmVfwiBM8SBv6ex3GGk7MlvOHIG4luZJFwS/aJ\nPCuPIK1TyLA6JxzUlB4CWeQVVeDXehI6RbcT823p68YHJ7F7m0hyyYcLIqE2S90v\nmO3d4q9Ljj/rR/lbpTbd3HDf1BY0ueXxamMXUgqTP4FfcOG51ngE5vFCvTiDQd70\nH2gKq+HRS0ooZZIYHSqB4vaHaA2LJeKrJQ7jZeEVUvdp0n41w3J3gIq2y8yzYUYt\n+p7MBrE5D+F6ABIhQKWaHRMT6wRsdQaVU8gN2lkN34d0ax1cNYCohBwgd+t4QgW5\nJcozAAABAQDwYwBFVmT65karA0v188tAl+nMdHU1QgDsoUsLYUpmAf0yap6CxzWo\nDVG+9nXIoizgq0ux5VsLSya8sYfGDtveVaGbVDH5y8jhRFaJnVNnKZwJBshp5tzX\nV0BhTDsZ1IoJJ7ika+fQksq836q9741wtK5dtHGsRlPikZ6qzisxvyAuo3+D/xfp\nZLD938qkG52DgVZSHwz70roNG7gTJvQhBNbg7qGkJn5jXmSwvjaKf5a49sj03Z83\nAQoEsdpZEXPcidvDszQSxTGTsMBlGYA7b+9dm0cy/lP5BVsQj1bP2/xEwXjwDdJo\nhfBUlI65V1KNw+S7wn7wGJgIk1GmfqNJAAAAAAEC\n-----END OPENSSH PRIVATE KEY-----\n",
            "private_key_pem": "-----BEGIN RSA PRIVATE KEY-----\nMIIJKgIBAAKCAgEA06+Xg/3pl/LYjAYrqsGuUUcQwUX7YOzuPRpF/jYFKj6FXO6+\nVHp/NuvhwSxTmeguOLZqQSdzEeb5yhlMSrLmsvyIk4ww24/4p+Zdbv8brlXaLBBt\nkD/apnqahECSdGngyWNAcGZKr1e6VtTx9V/pXAVLMObClGavzu0wpklzunPgx7o0\ngVwrgKKICXfMYHmB+pTtQWz3JVIAUs2NaDRNN43812gwSIayx2FzdmwFRyLDsjVy\ncjo2t2iMvD216rOy23R4q8j5bOESSKSPakiSgDCXG2tILZ3CGebB94q0kjskSKsI\n6QCjWY2H/nqgXNHeEUen3k5UkSibruH/Lk5nOnbwg10m7Bx9Nx7OCbdoxHRKO8Su\nrdldncLVqoCr4FuMb3/1dTUDbP2lPAV39Fh2wm587AGUJvtMvdD4kq77RvxmYygZ\nTvIZK+5vfGEEHDows3dxjJdmMYpZNCWcmmuWeNOg5+N9hNpy0shylO9xnLaeEFPz\nvh+m2D1CT33EAS7IU4ElMwaEE29jn1cGjX+gTKxqkAr2Y4zIznRnW6Mv0W8zgzF+\n55ACqkck81+rPnJIACz+LEshIs/K9C6pLJMwYPQighHReikRQVLnV719avO/XDCT\nljDg8Hoex0LwnxzmUsGqvP+NH9wRE9MhNFph9si2lWBLrqhEzdxdXnKfIYsCAwEA\nAQKCAgBpAt94A/rgfQD9nYYGBGS0PzvJlSzZ7U9WEnWMYUH4reE8s9bJU6dOGH/6\nc0HZxLtBOQTG44oK5Hkfz6LwH4WgXvRltZL7KJWivP22tWkG9+HuIAwqFfMiyQlj\n+CBvDaMMZGcwGx6Lk0qGDsclAXpjQuEFFkSKl9I5JaMPqrp1UUy959pqHc4a1wYD\nJGHHrh9TrpNv9F06L06nxP6UJfX0TESUm0PwhpmjnO1JXtbTbiSEgE0Q613/aCcA\nruBS2OguQ74lAeLyJ0kJrlDS2cOLQg+D85lvv6XtcXLhmPZw4FPklKwr4jwmjbZc\nAHsS8K1oBxL4jgUXqXxpqgUL9KryB79G9r8Gp70gKc/VfkzcaG/kOeBTT7I5t+pw\ney323749Ujj+/7Hs0C/RJ3h9RQziA93ekqTzxhaeGLXSapGlRgRFE+vtCfs0tJf/\ns6ncw1lpCkHHFTCMx73NmwRyovaW2UvtVYOhHajZnY3MnxkGkHNaKKEB5XW/ZjxM\nONFrPqz9j6txh70YxzaPG7rX2nR8YdB9NQVZTA+azaom1W1f1ajJSY9wEYwBSW3z\nmwA2lIfYsFNFoB3QqbdBZfMOdeykyPUZ7Sp8LCkVmYYt6IsptcJzBiuuQFGecWO5\nSQn1GSw3aqAvay6x0zt7gZ/vqxVMM6zIZA4kpQo0JOn7EGg78QKCAQEA4W9fJ5xD\nZAzRU2vAbIvHk3X/hyob6mOmpZ6Bwu2TGmQ1ZlX8IgTPEgb+nsdxhpOzJbzhyBuJ\nbmSRcEv2iTwrjyCtU8iwOicc1JQeAlnkFVXg13oSOkW3E/Nt6evGByexe5tIcsmH\nCyKhNkvdL5jt3eKvS44/60f5W6U23dxw39QWNLnl8WpjF1IKkz+BX3DhudZ4BObx\nQr04g0He9B9oCqvh0UtKKGWSGB0qgeL2h2gNiyXiqyUO42XhFVL3adJ+NcNyd4CK\ntsvMs2FGLfqezAaxOQ/hegASIUClmh0TE+sEbHUGlVPIDdpZDd+HdGsdXDWAqIQc\nIHfreEIFuSXKMwKCAQEA8GMARVZk+uZGqwNL9fPLQJfpzHR1NUIA7KFLC2FKZgH9\nMmqegsc1qA1RvvZ1yKIs4KtLseVbC0smvLGHxg7b3lWhm1Qx+cvI4URWiZ1TZymc\nCQbIaebc11dAYUw7GdSKCSe4pGvn0JLKvN+qve+NcLSuXbRxrEZT4pGeqs4rMb8g\nLqN/g/8X6WSw/d/KpBudg4FWUh8M+9K6DRu4Eyb0IQTW4O6hpCZ+Y15ksL42in+W\nuPbI9N2fNwEKBLHaWRFz3Inbw7M0EsUxk7DAZRmAO2/vXZtHMv5T+QVbEI9Wz9v8\nRMF48A3SaIXwVJSOuVdSjcPku8J+8BiYCJNRpn6jSQKCAQEAkwOhZ2CFplKhlCh5\n5Y/GiEj0aj4w1EtGW02iS+/I9fYRyPocIkdGjvgWxo9EXsIlm1+xUmF6344gNr6j\nOV4O/hkOT8xZ+KKXL56kb14V20AVEBCgoHXkbdNbg6hpjTL6kKR0u77nHYDo51LU\nHP07am8xaDGNR6+5U2XMASWISr+x95Kf/S8nDgdHtD0+7nHcEuhlfrTo82AY4ahs\ncIGmxQbQjj/uTafnfWhP10KfCTD3XB5J0tio++ztu41OoilOe1tJY9tlGs6PYQ/3\nx3ZgZqeanZ7YqUowiJTzKiz5ywyB5wTuVSW9GiOh3eU/HdHY5NBTZhI5kYcC/Xr4\n5oRZdwKCAQEAluc/Q0fB6nNmh3JxW/voaysyXOP6tC00EVgLmSBBKRo0jVK7IRPX\nTiDWYU+sjv+ntn4x7YIyjjtmHOxBdIbdZYxSAAVxvgM8npVc0dTOh6NqTYxRgZGo\nrxIZ2zqUm1l+MdMaqTUH+Do+RSUPtV5NZyQ1laNx/JjFjiSl+0mjef4mQMDoir83\njo9kQGsddbnUPrqRqsnNR8R4gUQWYQeCF7xG/Dsxg6+ahdy6zu0JphYEUyaw7m61\nxTzEwj+391PqbNap/AdiOCpMPg+mJ5FDm4xgMl4I6y0XH+tJyHKDJ8dMbQkbV28F\n2BHE1gPQOO9lZpND4s5tC2IVBsUca61x6QKCAQEA38hikBqoTSHuSrZvxlZGAzbf\nSV2Ib4SCzhWeuupgWX7VA4vKJitc25EaaNEoaWOuD3hl/aODXlnChqe/LTyIMIK1\nlzbf1fZ9YI9xsDoDnexSUTSx3uxlYqPbaeBC0qK7l9bg0UsqfiAewG+o8mAdAB9I\nP9Uk7cNrie37vYElB6OtJeKO5V3M3P/oqhVZI9kVQqg1axzTZS8xSZiaGGDONPJ5\nnuGYXGdPgMLQPbEerWQnXZ7b2tqLAB0yv/mbbv1yQ/73AMqrCWKaFlpy8htTXYI7\nB4+NDfagQgPCf8YYhl7FhLZDj6+JQeP5imzsMUJ0bcq7daXY7SbIbOGRyG86eg==\n-----END RSA PRIVATE KEY-----\n",
            "private_key_pem_pkcs8": "-----BEGIN PRIVATE KEY-----\nMIIJRAIBADANBgkqhkiG9w0BAQEFAASCCS4wggkqAgEAAoICAQDTr5eD/emX8tiM\nBiuqwa5RRxDBRftg7O49GkX+NgUqPoVc7r5Uen826+HBLFOZ6C44tmpBJ3MR5vnK\nGUxKsuay/IiTjDDbj/in5l1u/xuuVdosEG2QP9qmepqEQJJ0aeDJY0BwZkqvV7pW\n1PH1X+lcBUsw5sKUZq/O7TCmSXO6c+DHujSBXCuAoogJd8xgeYH6lO1BbPclUgBS\nzY1oNE03jfzXaDBIhrLHYXN2bAVHIsOyNXJyOja3aIy8PbXqs7LbdHiryPls4RJI\npI9qSJKAMJcba0gtncIZ5sH3irSSOyRIqwjpAKNZjYf+eqBc0d4RR6feTlSRKJuu\n4f8uTmc6dvCDXSbsHH03Hs4Jt2jEdEo7xK6t2V2dwtWqgKvgW4xvf/V1NQNs/aU8\nBXf0WHbCbnzsAZQm+0y90PiSrvtG/GZjKBlO8hkr7m98YQQcOjCzd3GMl2Yxilk0\nJZyaa5Z406Dn432E2nLSyHKU73Gctp4QU/O+H6bYPUJPfcQBLshTgSUzBoQTb2Of\nVwaNf6BMrGqQCvZjjMjOdGdboy/RbzODMX7nkAKqRyTzX6s+ckgALP4sSyEiz8r0\nLqkskzBg9CKCEdF6KRFBUudXvX1q879cMJOWMODweh7HQvCfHOZSwaq8/40f3BET\n0yE0WmH2yLaVYEuuqETN3F1ecp8hiwIDAQABAoICAGkC33gD+uB9AP2dhgYEZLQ/\nO8mVLNntT1YSdYxhQfit4Tyz1slTp04Yf/pzQdnEu0E5BMbjigrkeR/PovAfhaBe\n9GW1kvsolaK8/ba1aQb34e4gDCoV8yLJCWP4IG8NowxkZzAbHouTSoYOxyUBemNC\n4QUWRIqX0jklow+qunVRTL3n2modzhrXBgMkYceuH1Ouk2/0XTovTqfE/pQl9fRM\nRJSbQ/CGmaOc7Ule1tNuJISATRDrXf9oJwCu4FLY6C5DviUB4vInSQmuUNLZw4tC\nD4PzmW+/pe1xcuGY9nDgU+SUrCviPCaNtlwAexLwrWgHEviOBRepfGmqBQv0qvIH\nv0b2vwanvSApz9V+TNxob+Q54FNPsjm36nB7Lfbfvj1SOP7/sezQL9EneH1FDOID\n3d6SpPPGFp4YtdJqkaVGBEUT6+0J+zS0l/+zqdzDWWkKQccVMIzHvc2bBHKi9pbZ\nS+1Vg6EdqNmdjcyfGQaQc1oooQHldb9mPEw40Ws+rP2Pq3GHvRjHNo8butfadHxh\n0H01BVlMD5rNqibVbV/VqMlJj3ARjAFJbfObADaUh9iwU0WgHdCpt0Fl8w517KTI\n9RntKnwsKRWZhi3oiym1wnMGK65AUZ5xY7lJCfUZLDdqoC9rLrHTO3uBn++rFUwz\nrMhkDiSlCjQk6fsQaDvxAoIBAQDhb18nnENkDNFTa8Bsi8eTdf+HKhvqY6alnoHC\n7ZMaZDVmVfwiBM8SBv6ex3GGk7MlvOHIG4luZJFwS/aJPCuPIK1TyLA6JxzUlB4C\nWeQVVeDXehI6RbcT823p68YHJ7F7m0hyyYcLIqE2S90vmO3d4q9Ljj/rR/lbpTbd\n3HDf1BY0ueXxamMXUgqTP4FfcOG51ngE5vFCvTiDQd70H2gKq+HRS0ooZZIYHSqB\n4vaHaA2LJeKrJQ7jZeEVUvdp0n41w3J3gIq2y8yzYUYt+p7MBrE5D+F6ABIhQKWa\nHRMT6wRsdQaVU8gN2lkN34d0ax1cNYCohBwgd+t4QgW5JcozAoIBAQDwYwBFVmT6\n5karA0v188tAl+nMdHU1QgDsoUsLYUpmAf0yap6CxzWoDVG+9nXIoizgq0ux5VsL\nSya8sYfGDtveVaGbVDH5y8jhRFaJnVNnKZwJBshp5tzXV0BhTDsZ1IoJJ7ika+fQ\nksq836q9741wtK5dtHGsRlPikZ6qzisxvyAuo3+D/xfpZLD938qkG52DgVZSHwz7\n0roNG7gTJvQhBNbg7qGkJn5jXmSwvjaKf5a49sj03Z83AQoEsdpZEXPcidvDszQS\nxTGTsMBlGYA7b+9dm0cy/lP5BVsQj1bP2/xEwXjwDdJohfBUlI65V1KNw+S7wn7w\nGJgIk1GmfqNJAoIBAQCTA6FnYIWmUqGUKHnlj8aISPRqPjDUS0ZbTaJL78j19hHI\n+hwiR0aO+BbGj0RewiWbX7FSYXrfjiA2vqM5Xg7+GQ5PzFn4opcvnqRvXhXbQBUQ\nEKCgdeRt01uDqGmNMvqQpHS7vucdgOjnUtQc/TtqbzFoMY1Hr7lTZcwBJYhKv7H3\nkp/9LycOB0e0PT7ucdwS6GV+tOjzYBjhqGxwgabFBtCOP+5Np+d9aE/XQp8JMPdc\nHknS2Kj77O27jU6iKU57W0lj22Uazo9hD/fHdmBmp5qdntipSjCIlPMqLPnLDIHn\nBO5VJb0aI6Hd5T8d0djk0FNmEjmRhwL9evjmhFl3AoIBAQCW5z9DR8Hqc2aHcnFb\n++hrKzJc4/q0LTQRWAuZIEEpGjSNUrshE9dOINZhT6yO/6e2fjHtgjKOO2Yc7EF0\nht1ljFIABXG+AzyelVzR1M6Ho2pNjFGBkaivEhnbOpSbWX4x0xqpNQf4Oj5FJQ+1\nXk1nJDWVo3H8mMWOJKX7SaN5/iZAwOiKvzeOj2RAax11udQ+upGqyc1HxHiBRBZh\nB4IXvEb8OzGDr5qF3LrO7QmmFgRTJrDubrXFPMTCP7f3U+ps1qn8B2I4Kkw+D6Yn\nkUObjGAyXgjrLRcf60nIcoMnx0xtCRtXbwXYEcTWA9A472Vmk0Pizm0LYhUGxRxr\nrXHpAoIBAQDfyGKQGqhNIe5Ktm/GVkYDNt9JXYhvhILOFZ666mBZftUDi8omK1zb\nkRpo0ShpY64PeGX9o4NeWcKGp78tPIgwgrWXNt/V9n1gj3GwOgOd7FJRNLHe7GVi\no9tp4ELSoruX1uDRSyp+IB7Ab6jyYB0AH0g/1STtw2uJ7fu9gSUHo60l4o7lXczc\n/+iqFVkj2RVCqDVrHNNlLzFJmJoYYM408nme4ZhcZ0+AwtA9sR6tZCddntva2osA\nHTK/+Ztu/XJD/vcAyqsJYpoWWnLyG1NdgjsHj40N9qBCA8J/xhiGXsWEtkOPr4lB\n4/mKbOwxQnRtyrt1pdjtJshs4ZHIbzp6\n-----END PRIVATE KEY-----\n",
            "public_key_fingerprint_md5": "b0:04:6f:40:92:2a:64:14:dc:62:c8:da:2a:ae:af:f6",
            "public_key_fingerprint_sha256": "SHA256:WlmOYWu2MVgMxYqHwKOJDzsvsmNoslSENCG38I1oZ0c",
            "public_key_openssh": "ssh-rsa AAAAB3NzaC1yc2EAAAADAQABAAACAQDTr5eD/emX8tiMBiuqwa5RRxDBRftg7O49GkX+NgUqPoVc7r5Uen826+HBLFOZ6C44tmpBJ3MR5vnKGUxKsuay/IiTjDDbj/in5l1u/xuuVdosEG2QP9qmepqEQJJ0aeDJY0BwZkqvV7pW1PH1X+lcBUsw5sKUZq/O7TCmSXO6c+DHujSBXCuAoogJd8xgeYH6lO1BbPclUgBSzY1oNE03jfzXaDBIhrLHYXN2bAVHIsOyNXJyOja3aIy8PbXqs7LbdHiryPls4RJIpI9qSJKAMJcba0gtncIZ5sH3irSSOyRIqwjpAKNZjYf+eqBc0d4RR6feTlSRKJuu4f8uTmc6dvCDXSbsHH03Hs4Jt2jEdEo7xK6t2V2dwtWqgKvgW4xvf/V1NQNs/aU8BXf0WHbCbnzsAZQm+0y90PiSrvtG/GZjKBlO8hkr7m98YQQcOjCzd3GMl2Yxilk0JZyaa5Z406Dn432E2nLSyHKU73Gctp4QU/O+H6bYPUJPfcQBLshTgSUzBoQTb2OfVwaNf6BMrGqQCvZjjMjOdGdboy/RbzODMX7nkAKqRyTzX6s+ckgALP4sSyEiz8r0LqkskzBg9CKCEdF6KRFBUudXvX1q879cMJOWMODweh7HQvCfHOZSwaq8/40f3BET0yE0WmH2yLaVYEuuqETN3F1ecp8hiw==\n",
            "public_key_pem": "-----BEGIN PUBLIC KEY-----\nMIICIjANBgkqhkiG9w0BAQEFAAOCAg8AMIICCgKCAgEA06+Xg/3pl/LYjAYrqsGu\nUUcQwUX7YOzuPRpF/jYFKj6FXO6+VHp/NuvhwSxTmeguOLZqQSdzEeb5yhlMSrLm\nsvyIk4ww24/4p+Zdbv8brlXaLBBtkD/apnqahECSdGngyWNAcGZKr1e6VtTx9V/p\nXAVLMObClGavzu0wpklzunPgx7o0gVwrgKKICXfMYHmB+pTtQWz3JVIAUs2NaDRN\nN43812gwSIayx2FzdmwFRyLDsjVycjo2t2iMvD216rOy23R4q8j5bOESSKSPakiS\ngDCXG2tILZ3CGebB94q0kjskSKsI6QCjWY2H/nqgXNHeEUen3k5UkSibruH/Lk5n\nOnbwg10m7Bx9Nx7OCbdoxHRKO8SurdldncLVqoCr4FuMb3/1dTUDbP2lPAV39Fh2\nwm587AGUJvtMvdD4kq77RvxmYygZTvIZK+5vfGEEHDows3dxjJdmMYpZNCWcmmuW\neNOg5+N9hNpy0shylO9xnLaeEFPzvh+m2D1CT33EAS7IU4ElMwaEE29jn1cGjX+g\nTKxqkAr2Y4zIznRnW6Mv0W8zgzF+55ACqkck81+rPnJIACz+LEshIs/K9C6pLJMw\nYPQighHReikRQVLnV719avO/XDCTljDg8Hoex0LwnxzmUsGqvP+NH9wRE9MhNFph\n9si2lWBLrqhEzdxdXnKfIYsCAwEAAQ==\n-----END PUBLIC KEY-----\n",
            "rsa_bits": 4096
          },
          "sensitive_attributes": [
            [
              {
                "type": "get_attr",
                "value": "private_key_openssh"
              }
            ],
            [
              {
                "type": "get_attr",
                "value": "private_key_pem_pkcs8"
              }
            ],
            [
              {
                "type": "get_attr",
                "value": "private_key_pem"
              }
            ]
          ]
        }
      ]
    }
  ],
  "check_results": null
}
