{
  "version": 4,
  "terraform_version": "1.11.4",
  "serial": 44,
  "lineage": "5788e8ae-fc6b-de22-af67-18154668c14e",
  "outputs": {
    "ami_id": {
      "value": "ami-0a7d80731ae1b2435",
      "type": "string"
    },
    "ansible_command": {
      "value": "ansible-playbook -i inventory.ini -u ubuntu --private-key=deployer.pem nginx.yml",
      "type": "string"
    },
    "instance_ips_ec2": {
      "value": [
        "3.92.223.27",
        "44.203.0.188",
        "44.201.152.220"
      ],
      "type": [
        "tuple",
        [
          "string",
          "string",
          "string"
        ]
      ]
    }
  },
  "resources": [
    {
      "mode": "data",
      "type": "aws_ami",
      "name": "ubuntu",
      "provider": "provider[\"registry.terraform.io/hashicorp/aws\"]",
      "instances": [
        {
          "schema_version": 0,
          "attributes": {
            "architecture": "x86_64",
            "arn": "arn:aws:ec2:us-east-1::image/ami-0a7d80731ae1b2435",
            "block_device_mappings": [
              {
                "device_name": "/dev/sda1",
                "ebs": {
                  "delete_on_termination": "true",
                  "encrypted": "false",
                  "iops": "0",
                  "snapshot_id": "snap-00401753cf6f4b5e3",
                  "throughput": "0",
                  "volume_size": "8",
                  "volume_type": "gp2"
                },
                "no_device": "",
                "virtual_name": ""
              },
              {
                "device_name": "/dev/sdb",
                "ebs": {},
                "no_device": "",
                "virtual_name": "ephemeral0"
              },
              {
                "device_name": "/dev/sdc",
                "ebs": {},
                "no_device": "",
                "virtual_name": "ephemeral1"
              }
            ],
            "boot_mode": "uefi-preferred",
            "creation_date": "2025-05-16T06:42:41.000Z",
            "deprecation_time": "2027-05-16T06:42:41.000Z",
            "description": "Canonical, Ubuntu, 22.04, amd64 jammy image",
            "ena_support": true,
            "executable_users": null,
            "filter": [
              {
                "name": "name",
                "values": [
                  "ubuntu/images/hvm-ssd/ubuntu-jammy-22.04-amd64-server-*"
                ]
              },
              {
                "name": "virtualization-type",
                "values": [
                  "hvm"
                ]
              }
            ],
            "hypervisor": "xen",
            "id": "ami-0a7d80731ae1b2435",
            "image_id": "ami-0a7d80731ae1b2435",
            "image_location": "amazon/ubuntu/images/hvm-ssd/ubuntu-jammy-22.04-amd64-server-20250516",
            "image_owner_alias": "amazon",
            "image_type": "machine",
            "imds_support": "",
            "include_deprecated": false,
            "kernel_id": "",
            "last_launched_time": "",
            "most_recent": true,
            "name": "ubuntu/images/hvm-ssd/ubuntu-jammy-22.04-amd64-server-20250516",
            "name_regex": null,
            "owner_id": "099720109477",
            "owners": [
              "099720109477"
            ],
            "platform": "",
            "platform_details": "Linux/UNIX",
            "product_codes": [],
            "public": true,
            "ramdisk_id": "",
            "root_device_name": "/dev/sda1",
            "root_device_type": "ebs",
            "root_snapshot_id": "snap-00401753cf6f4b5e3",
            "sriov_net_support": "simple",
            "state": "available",
            "state_reason": {
              "code": "UNSET",
              "message": "UNSET"
            },
            "tags": {},
            "timeouts": null,
            "tpm_support": "",
            "uefi_data": null,
            "usage_operation": "RunInstances",
            "virtualization_type": "hvm"
          },
          "sensitive_attributes": []
        }
      ]
    },
    {
      "mode": "managed",
      "type": "aws_instance",
      "name": "web",
      "provider": "provider[\"registry.terraform.io/hashicorp/aws\"]",
      "instances": [
        {
          "index_key": 0,
          "schema_version": 1,
          "attributes": {
            "ami": "ami-0a7d80731ae1b2435",
            "arn": "arn:aws:ec2:us-east-1:546254392206:instance/i-03652e93a30cb5374",
            "associate_public_ip_address": true,
            "availability_zone": "us-east-1b",
            "capacity_reservation_specification": [
              {
                "capacity_reservation_preference": "open",
                "capacity_reservation_target": []
              }
            ],
            "cpu_core_count": 1,
            "cpu_options": [
              {
                "amd_sev_snp": "",
                "core_count": 1,
                "threads_per_core": 1
              }
            ],
            "cpu_threads_per_core": 1,
            "credit_specification": [
              {
                "cpu_credits": "standard"
              }
            ],
            "disable_api_stop": false,
            "disable_api_termination": false,
            "ebs_block_device": [],
            "ebs_optimized": false,
            "enable_primary_ipv6": null,
            "enclave_options": [
              {
                "enabled": false
              }
            ],
            "ephemeral_block_device": [],
            "get_password_data": false,
            "hibernation": false,
            "host_id": "",
            "host_resource_group_arn": null,
            "iam_instance_profile": "",
            "id": "i-03652e93a30cb5374",
            "instance_initiated_shutdown_behavior": "stop",
            "instance_lifecycle": "",
            "instance_market_options": [],
            "instance_state": "running",
            "instance_type": "t2.micro",
            "ipv6_address_count": 0,
            "ipv6_addresses": [],
            "key_name": "deployer-key-yh25",
            "launch_template": [],
            "maintenance_options": [
              {
                "auto_recovery": "default"
              }
            ],
            "metadata_options": [
              {
                "http_endpoint": "enabled",
                "http_protocol_ipv6": "disabled",
                "http_put_response_hop_limit": 1,
                "http_tokens": "optional",
                "instance_metadata_tags": "disabled"
              }
            ],
            "monitoring": false,
            "network_interface": [],
            "outpost_arn": "",
            "password_data": "",
            "placement_group": "",
            "placement_partition_number": 0,
            "primary_network_interface_id": "eni-04a34411d1ed945c2",
            "private_dns": "ip-172-31-90-27.ec2.internal",
            "private_dns_name_options": [
              {
                "enable_resource_name_dns_a_record": false,
                "enable_resource_name_dns_aaaa_record": false,
                "hostname_type": "ip-name"
              }
            ],
            "private_ip": "172.31.90.27",
            "public_dns": "ec2-3-92-223-27.compute-1.amazonaws.com",
            "public_ip": "3.92.223.27",
            "root_block_device": [
              {
                "delete_on_termination": true,
                "device_name": "/dev/sda1",
                "encrypted": false,
                "iops": 100,
                "kms_key_id": "",
                "tags": {},
                "tags_all": {},
                "throughput": 0,
                "volume_id": "vol-0d461516d712779d7",
                "volume_size": 8,
                "volume_type": "gp2"
              }
            ],
            "secondary_private_ips": [],
            "security_groups": [
              "default"
            ],
            "source_dest_check": true,
            "spot_instance_request_id": "",
            "subnet_id": "subnet-04ec4bcfb1f294a68",
            "tags": {
              "Name": "web-0",
              "Role": "nginx"
            },
            "tags_all": {
              "Name": "web-0",
              "Role": "nginx"
            },
            "tenancy": "default",
            "timeouts": null,
            "user_data": null,
            "user_data_base64": null,
            "user_data_replace_on_change": false,
            "volume_tags": null,
            "vpc_security_group_ids": [
              "sg-0ee60b3d00d76b1ef"
            ]
          },
          "sensitive_attributes": [],
          "private": "eyJlMmJmYjczMC1lY2FhLTExZTYtOGY4OC0zNDM2M2JjN2M0YzAiOnsiY3JlYXRlIjo2MDAwMDAwMDAwMDAsImRlbGV0ZSI6MTIwMDAwMDAwMDAwMCwicmVhZCI6OTAwMDAwMDAwMDAwLCJ1cGRhdGUiOjYwMDAwMDAwMDAwMH0sInNjaGVtYV92ZXJzaW9uIjoiMSJ9",
          "dependencies": [
            "aws_key_pair.deployer",
            "aws_security_group.web",
            "data.aws_ami.ubuntu",
            "random_string.suffix",
            "tls_private_key.ssh"
          ]
        },
        {
          "index_key": 1,
          "schema_version": 1,
          "attributes": {
            "ami": "ami-0a7d80731ae1b2435",
            "arn": "arn:aws:ec2:us-east-1:546254392206:instance/i-0c58ededdd703562a",
            "associate_public_ip_address": true,
            "availability_zone": "us-east-1b",
            "capacity_reservation_specification": [
              {
                "capacity_reservation_preference": "open",
                "capacity_reservation_target": []
              }
            ],
            "cpu_core_count": 1,
            "cpu_options": [
              {
                "amd_sev_snp": "",
                "core_count": 1,
                "threads_per_core": 1
              }
            ],
            "cpu_threads_per_core": 1,
            "credit_specification": [
              {
                "cpu_credits": "standard"
              }
            ],
            "disable_api_stop": false,
            "disable_api_termination": false,
            "ebs_block_device": [],
            "ebs_optimized": false,
            "enable_primary_ipv6": null,
            "enclave_options": [
              {
                "enabled": false
              }
            ],
            "ephemeral_block_device": [],
            "get_password_data": false,
            "hibernation": false,
            "host_id": "",
            "host_resource_group_arn": null,
            "iam_instance_profile": "",
            "id": "i-0c58ededdd703562a",
            "instance_initiated_shutdown_behavior": "stop",
            "instance_lifecycle": "",
            "instance_market_options": [],
            "instance_state": "running",
            "instance_type": "t2.micro",
            "ipv6_address_count": 0,
            "ipv6_addresses": [],
            "key_name": "deployer-key-yh25",
            "launch_template": [],
            "maintenance_options": [
              {
                "auto_recovery": "default"
              }
            ],
            "metadata_options": [
              {
                "http_endpoint": "enabled",
                "http_protocol_ipv6": "disabled",
                "http_put_response_hop_limit": 1,
                "http_tokens": "optional",
                "instance_metadata_tags": "disabled"
              }
            ],
            "monitoring": false,
            "network_interface": [],
            "outpost_arn": "",
            "password_data": "",
            "placement_group": "",
            "placement_partition_number": 0,
            "primary_network_interface_id": "eni-0519dcda249b1b976",
            "private_dns": "ip-172-31-94-141.ec2.internal",
            "private_dns_name_options": [
              {
                "enable_resource_name_dns_a_record": false,
                "enable_resource_name_dns_aaaa_record": false,
                "hostname_type": "ip-name"
              }
            ],
            "private_ip": "172.31.94.141",
            "public_dns": "ec2-44-203-0-188.compute-1.amazonaws.com",
            "public_ip": "44.203.0.188",
            "root_block_device": [
              {
                "delete_on_termination": true,
                "device_name": "/dev/sda1",
                "encrypted": false,
                "iops": 100,
                "kms_key_id": "",
                "tags": {},
                "tags_all": {},
                "throughput": 0,
                "volume_id": "vol-05ff84029fd65ef9f",
                "volume_size": 8,
                "volume_type": "gp2"
              }
            ],
            "secondary_private_ips": [],
            "security_groups": [
              "default"
            ],
            "source_dest_check": true,
            "spot_instance_request_id": "",
            "subnet_id": "subnet-04ec4bcfb1f294a68",
            "tags": {
              "Name": "web-1",
              "Role": "nginx"
            },
            "tags_all": {
              "Name": "web-1",
              "Role": "nginx"
            },
            "tenancy": "default",
            "timeouts": null,
            "user_data": null,
            "user_data_base64": null,
            "user_data_replace_on_change": false,
            "volume_tags": null,
            "vpc_security_group_ids": [
              "sg-0ee60b3d00d76b1ef"
            ]
          },
          "sensitive_attributes": [],
          "private": "eyJlMmJmYjczMC1lY2FhLTExZTYtOGY4OC0zNDM2M2JjN2M0YzAiOnsiY3JlYXRlIjo2MDAwMDAwMDAwMDAsImRlbGV0ZSI6MTIwMDAwMDAwMDAwMCwicmVhZCI6OTAwMDAwMDAwMDAwLCJ1cGRhdGUiOjYwMDAwMDAwMDAwMH0sInNjaGVtYV92ZXJzaW9uIjoiMSJ9",
          "dependencies": [
            "aws_key_pair.deployer",
            "aws_security_group.web",
            "data.aws_ami.ubuntu",
            "random_string.suffix",
            "tls_private_key.ssh"
          ]
        },
        {
          "index_key": 2,
          "schema_version": 1,
          "attributes": {
            "ami": "ami-0a7d80731ae1b2435",
            "arn": "arn:aws:ec2:us-east-1:546254392206:instance/i-0e38d6aed1af00071",
            "associate_public_ip_address": true,
            "availability_zone": "us-east-1b",
            "capacity_reservation_specification": [
              {
                "capacity_reservation_preference": "open",
                "capacity_reservation_target": []
              }
            ],
            "cpu_core_count": 1,
            "cpu_options": [
              {
                "amd_sev_snp": "",
                "core_count": 1,
                "threads_per_core": 1
              }
            ],
            "cpu_threads_per_core": 1,
            "credit_specification": [
              {
                "cpu_credits": "standard"
              }
            ],
            "disable_api_stop": false,
            "disable_api_termination": false,
            "ebs_block_device": [],
            "ebs_optimized": false,
            "enable_primary_ipv6": null,
            "enclave_options": [
              {
                "enabled": false
              }
            ],
            "ephemeral_block_device": [],
            "get_password_data": false,
            "hibernation": false,
            "host_id": "",
            "host_resource_group_arn": null,
            "iam_instance_profile": "",
            "id": "i-0e38d6aed1af00071",
            "instance_initiated_shutdown_behavior": "stop",
            "instance_lifecycle": "",
            "instance_market_options": [],
            "instance_state": "running",
            "instance_type": "t2.micro",
            "ipv6_address_count": 0,
            "ipv6_addresses": [],
            "key_name": "deployer-key-yh25",
            "launch_template": [],
            "maintenance_options": [
              {
                "auto_recovery": "default"
              }
            ],
            "metadata_options": [
              {
                "http_endpoint": "enabled",
                "http_protocol_ipv6": "disabled",
                "http_put_response_hop_limit": 1,
                "http_tokens": "optional",
                "instance_metadata_tags": "disabled"
              }
            ],
            "monitoring": false,
            "network_interface": [],
            "outpost_arn": "",
            "password_data": "",
            "placement_group": "",
            "placement_partition_number": 0,
            "primary_network_interface_id": "eni-03443a69a44ce8c86",
            "private_dns": "ip-172-31-82-173.ec2.internal",
            "private_dns_name_options": [
              {
                "enable_resource_name_dns_a_record": false,
                "enable_resource_name_dns_aaaa_record": false,
                "hostname_type": "ip-name"
              }
            ],
            "private_ip": "172.31.82.173",
            "public_dns": "ec2-44-201-152-220.compute-1.amazonaws.com",
            "public_ip": "44.201.152.220",
            "root_block_device": [
              {
                "delete_on_termination": true,
                "device_name": "/dev/sda1",
                "encrypted": false,
                "iops": 100,
                "kms_key_id": "",
                "tags": {},
                "tags_all": {},
                "throughput": 0,
                "volume_id": "vol-07b9efdad239ee3be",
                "volume_size": 8,
                "volume_type": "gp2"
              }
            ],
            "secondary_private_ips": [],
            "security_groups": [
              "default"
            ],
            "source_dest_check": true,
            "spot_instance_request_id": "",
            "subnet_id": "subnet-04ec4bcfb1f294a68",
            "tags": {
              "Name": "web-2",
              "Role": "nginx"
            },
            "tags_all": {
              "Name": "web-2",
              "Role": "nginx"
            },
            "tenancy": "default",
            "timeouts": null,
            "user_data": null,
            "user_data_base64": null,
            "user_data_replace_on_change": false,
            "volume_tags": null,
            "vpc_security_group_ids": [
              "sg-0ee60b3d00d76b1ef"
            ]
          },
          "sensitive_attributes": [],
          "private": "eyJlMmJmYjczMC1lY2FhLTExZTYtOGY4OC0zNDM2M2JjN2M0YzAiOnsiY3JlYXRlIjo2MDAwMDAwMDAwMDAsImRlbGV0ZSI6MTIwMDAwMDAwMDAwMCwicmVhZCI6OTAwMDAwMDAwMDAwLCJ1cGRhdGUiOjYwMDAwMDAwMDAwMH0sInNjaGVtYV92ZXJzaW9uIjoiMSJ9",
          "dependencies": [
            "aws_key_pair.deployer",
            "aws_security_group.web",
            "data.aws_ami.ubuntu",
            "random_string.suffix",
            "tls_private_key.ssh"
          ]
        }
      ]
    },
    {
      "mode": "managed",
      "type": "aws_key_pair",
      "name": "deployer",
      "provider": "provider[\"registry.terraform.io/hashicorp/aws\"]",
      "instances": [
        {
          "schema_version": 1,
          "attributes": {
            "arn": "arn:aws:ec2:us-east-1:546254392206:key-pair/deployer-key-yh25",
            "fingerprint": "73:82:51:c0:cc:47:46:6c:59:de:aa:7a:40:82:a9:17",
            "id": "deployer-key-yh25",
            "key_name": "deployer-key-yh25",
            "key_name_prefix": "",
            "key_pair_id": "key-0d4609acb27a4ebdd",
            "key_type": "rsa",
            "public_key": "ssh-rsa AAAAB3NzaC1yc2EAAAADAQABAAACAQDLs389vLT8d3SB/ELcDY7Yx1RPCiev+x7Yd2kUqkCkO2+G4dV926qpZ/7+/UAXFh+gwVOzKUosfm+cngIG3UH8KqDOOqEDzc6AvoVtPBnImeg+onquofmhhM/5IH9S9mgb9eu2JweEpMsQP0SsOQg2mTZprPPv/9t/oRftnfFSw5HhuwSV2fntpx1QkOKkgzIzpBx9A2xpAuXWuwzKr6RoPrwrIZT/SdwCM501vMkcsq8RzIVHBj199eucfaoTwtZ1szR9hTcvP82M0ikEY/0tblCZCD91IB12m3a0oTYmM1tUTCgQUDUoLPOE8Idl9gSAF7L4dkTqUVe1pIWZZyZ9v/c+xmZlHNGbuUpJatVnJN+xhyTFZgYqlHV82V5atFn6hRKeqDdqtGLMfjix3zc8Aw9JZxG7sPO8eN/WL7y9k9ol6QGDITCtxtfZ9bgc86LGxahmD4sSqEoPzL+OFYoufnIk4E0Eq/iCTO1yUIq+R5a3vW3ZPHtGGWeonMfyBDBj4YxxM6rg4VpYwXmzCEad0G43nFlgCi5gEgL6wTS4vcxP2fSscwyAeGGbuHHG8Z0PFIpHugNOMs1PvUwSv2GAs1hzL6aV9NfCV/eDl/yjCQgVTz8MOxZRHyQsldaoBVMXoG74lfnrJdWPgJD2aPpBPaXFIEnfXWtY0w8RO5w5dQ==",
            "tags": {},
            "tags_all": {}
          },
          "sensitive_attributes": [],
          "private": "eyJzY2hlbWFfdmVyc2lvbiI6IjEifQ==",
          "dependencies": [
            "random_string.suffix",
            "tls_private_key.ssh"
          ]
        }
      ]
    },
    {
      "mode": "managed",
      "type": "aws_security_group",
      "name": "web",
      "provider": "provider[\"registry.terraform.io/hashicorp/aws\"]",
      "instances": [
        {
          "schema_version": 1,
          "attributes": {
            "arn": "arn:aws:ec2:us-east-1:546254392206:security-group/sg-0ee60b3d00d76b1ef",
            "description": "Allow web and SSH traffic",
            "egress": [
              {
                "cidr_blocks": [
                  "0.0.0.0/0"
                ],
                "description": "Allow all outbound traffic",
                "from_port": 0,
                "ipv6_cidr_blocks": [],
                "prefix_list_ids": [],
                "protocol": "-1",
                "security_groups": [],
                "self": false,
                "to_port": 0
              }
            ],
            "id": "sg-0ee60b3d00d76b1ef",
            "ingress": [
              {
                "cidr_blocks": [
                  "0.0.0.0/0"
                ],
                "description": "Allow HTTP traffic",
                "from_port": 80,
                "ipv6_cidr_blocks": [],
                "prefix_list_ids": [],
                "protocol": "tcp",
                "security_groups": [],
                "self": false,
                "to_port": 80
              },
              {
                "cidr_blocks": [
                  "0.0.0.0/0"
                ],
                "description": "Allow SSH traffic",
                "from_port": 22,
                "ipv6_cidr_blocks": [],
                "prefix_list_ids": [],
                "protocol": "tcp",
                "security_groups": [],
                "self": false,
                "to_port": 22
              }
            ],
            "name": "nginx-sgyh25",
            "name_prefix": "",
            "owner_id": "546254392206",
            "revoke_rules_on_delete": false,
            "tags": {
              "Name": "nginx-sg"
            },
            "tags_all": {
              "Name": "nginx-sg"
            },
            "timeouts": null,
            "vpc_id": "vpc-0105ef34caf22d37d"
          },
          "sensitive_attributes": [],
          "private": "eyJlMmJmYjczMC1lY2FhLTExZTYtOGY4OC0zNDM2M2JjN2M0YzAiOnsiY3JlYXRlIjo2MDAwMDAwMDAwMDAsImRlbGV0ZSI6OTAwMDAwMDAwMDAwfSwic2NoZW1hX3ZlcnNpb24iOiIxIn0=",
          "dependencies": [
            "random_string.suffix"
          ]
        }
      ]
    },
    {
      "mode": "managed",
      "type": "local_file",
      "name": "inventory",
      "provider": "provider[\"registry.terraform.io/hashicorp/local\"]",
      "instances": [
        {
          "schema_version": 0,
          "attributes": {
            "content": "[web]\r\n3.92.223.27\r\n44.203.0.188\r\n44.201.152.220\r\n",
            "content_base64": null,
            "content_base64sha256": "kqju9kDEFi2p8r8jI719+2prWRbnTJEbgeBuw3w3pk8=",
            "content_base64sha512": "IRi9tQ0ar4JMgk4ec8kfh+jx861UFgIVCa4eQ9/u22DylL8XVBH5JxKw53rznG8bC9WudeEwBZhj+mePyKC5Og==",
            "content_md5": "7b74e23e6571afc7cbb27264e487e612",
            "content_sha1": "62c6a1654adce8e1a76720e18d76bf5c4ddc669d",
            "content_sha256": "92a8eef640c4162da9f2bf2323bd7dfb6a6b5916e74c911b81e06ec37c37a64f",
            "content_sha512": "2118bdb50d1aaf824c824e1e73c91f87e8f1f3ad5416021509ae1e43dfeedb60f294bf175411f92712b0e77af39c6f1b0bd5ae75e130059863fa678fc8a0b93a",
            "directory_permission": "0777",
            "file_permission": "0777",
            "filename": "./inventory.ini",
            "id": "62c6a1654adce8e1a76720e18d76bf5c4ddc669d",
            "sensitive_content": null,
            "source": null
          },
          "sensitive_attributes": [
            [
              {
                "type": "get_attr",
                "value": "sensitive_content"
              }
            ]
          ],
          "dependencies": [
            "aws_instance.web",
            "aws_key_pair.deployer",
            "aws_security_group.web",
            "data.aws_ami.ubuntu",
            "random_string.suffix",
            "tls_private_key.ssh"
          ]
        }
      ]
    },
    {
      "mode": "managed",
      "type": "local_file",
      "name": "private_key_pem",
      "provider": "provider[\"registry.terraform.io/hashicorp/local\"]",
      "instances": [
        {
          "schema_version": 0,
          "attributes": {
            "content": "-----BEGIN RSA PRIVATE KEY-----\nMIIJKQIBAAKCAgEAy7N/Pby0/Hd0gfxC3A2O2MdUTwonr/se2HdpFKpApDtvhuHV\nfduqqWf+/v1AFxYfoMFTsylKLH5vnJ4CBt1B/CqgzjqhA83OgL6FbTwZyJnoPqJ6\nrqH5oYTP+SB/UvZoG/XrticHhKTLED9ErDkINpk2aazz7//bf6EX7Z3xUsOR4bsE\nldn57acdUJDipIMyM6QcfQNsaQLl1rsMyq+kaD68KyGU/0ncAjOdNbzJHLKvEcyF\nRwY9ffXrnH2qE8LWdbM0fYU3Lz/NjNIpBGP9LW5QmQg/dSAddpt2tKE2JjNbVEwo\nEFA1KCzzhPCHZfYEgBey+HZE6lFXtaSFmWcmfb/3PsZmZRzRm7lKSWrVZyTfsYck\nxWYGKpR1fNleWrRZ+oUSnqg3arRizH44sd83PAMPSWcRu7DzvHjf1i+8vZPaJekB\ngyEwrcbX2fW4HPOixsWoZg+LEqhKD8y/jhWKLn5yJOBNBKv4gkztclCKvkeWt71t\n2Tx7RhlnqJzH8gQwY+GMcTOq4OFaWMF5swhGndBuN5xZYAouYBIC+sE0uL3MT9n0\nrHMMgHhhm7hxxvGdDxSKR7oDTjLNT71MEr9hgLNYcy+mlfTXwlf3g5f8owkIFU8/\nDDsWUR8kLJXWqAVTF6Bu+JX56yXVj4CQ9mj6QT2lxSBJ311rWNMPETucOXUCAwEA\nAQKCAgAa3y+Cb/H6OjHy8dnKGLnG7Ci5ko/gvcJ4cOw6Tyle4P5Z71HQHBnb5j2z\n2qnJQeBjPw2xHVnNG9LSeN+wkyCgyOjUu9RA4bYDst58JgkKtw71sE552iFJxvD+\nnuRdB+d9BMiXC3gI7gphts7y30Uvmq+cajX1661DnXdAH+1VazpD6n103UAEs16B\nIdPcOvh06ondjgWPptO2K4/I7znDjL8a+3+h29b7rV5oV+K59/JzaSUN1Qtooff2\neXdlyvaqqTzb8CZzA7o0gQbrLtuX0i0suvNQGq/4VRLoSjoP+Qdry+4fFM2mYqOv\nXmGmODmowjeYYlW+CYQGENGVBpADm1Ekm1W6vEAuVZxPqYioQls8Re8ROI9f1QmX\nt09DXZnP975V/Y4aNcGbdQW14WqJMAqmwWdLy8+UlbFSoxVBMhZJRDQ+8VYX4Pu1\nbFJRBIn0UPje1QfdusH6bZM0nzJ1yoW50epm3w4UR9TGdTcHmKq1qTheKisRCj9y\n9oMKnFEvMvzKAm0fwK0S8VxTTXinx3IK5/RCEP6yK3rHoz58dfO6iUHdabruKktk\nRbOGhOcxHnmA10c+t+LIQV4KJwdOUb8qQZHNNYMa8bnrttpuYbtvbermdI3PPfKy\nB9YezuECL+hiNJNDeAsP+i30Xemyx8aL6UH4Xojck8ksfFN3kwKCAQEA9qHLi984\nr9jJm23UYXRyHKyesEzcS72Zu/T72dBseOpUe8rUHp72zDkTKM8QU4WLsHhs/zsR\n1chf0Lp+YcOXcYXwVf+owusX9LwCVOWmFFsnE+4I7xXFqkth8J+djiMEKEN8/FB6\nuk1GvNm5YQBQrCHW0SW9zx3lw36uerFDbLbDQzqhsxfK1Y6knKmnETFMJ2/cE3Io\nDTPsoc6CeErRN3Qxc1gQ0P1XZ+8PKscDZ9a7pjMpQF8i/Kd7T+6qNTh1MHeagBPu\nOvXbPKHo4P1rRdL4wHSDruJNq7FjgGyehi2d8rb5ZrwJl4VfmujqZOCA4NuLfCck\njVy5PeVgxxSsywKCAQEA03BACED23EByXI7D5Q05V/xkuQt86nlaTiXXzh6tfgK8\n9A4pYlBm4eBIbITU17UbETLbR15ogIE8fc4hJVfSOMoMufmDYlecoQLxQWTwVwMF\nGToYfe7+TD/+ua739s+luayJMd7+XC4pXqAZOvHomsgATDR2uyFwG9vDseSqb4Gy\nJJcKaBFTjbfYnIVobkwqYOG+Pg6dgFLwGDA7Z4NEcfsvh/TX0GtmrXjD7DwtA46+\n7ZL/XFbAYwISEoo1eVAivUVvJWR4CyAHCD1LsLregsPYdRRIZbOJ0SsZMdYJw2AD\njIIWSDvwtSHNG74XPg/Pr9LdsNAF59AcmFLid8IqvwKCAQBGVNNX2tsuglLTyRk0\nhWF5PdyvB+wWiUYK7IzZi28zeBeJici9xrU4fdox3AKa3s18EIt8qVqnrVFtk5Ew\nzfck/34O+C4nD6WwO+EqVqbqzSeyrkHL9Fh+/Ko8VTg37VJlLQG6bjThZeITPr93\nowBeZfP9hpa/NpZsDncxM9W3bdL3HAQ6r0E/b0MQDe0/oOBHqsWGoho70Z/ccKiS\nJzvMZY0oiGebQXOohuq7Vy9ocDro5VQRMFAo3pXysGvHa4c3wBPGDGj2VWAkxUNE\nzd/GdKhNMazPtWdS2+41FESMnPua2IT8wAi4NeeSpHMbO05lURZQ3FS3H0cQGJZl\nj0bLAoIBAQCuuvG/oGghBgU8JiMPE8mSw5o9LZgycMzHDhD0XnfDTeH20gkzHPyY\np29Sdscp55mRsfRyWzuDDsn9sS3FHXk1wwuXWPJRf9OJX9Qd1ZukXHOHMHJzB+ER\nBEWuD0ENrvXmpgXOt9h+NwurDiUriCRQXP2Z/DUuWei6rPdg+HY8pfKguE06SS9C\nS27vknQFyl2vKH696/gOxvtxEdLVrS4P/6N8+EKtE0SMEOPgQq50ZS+1RyhOl8Zv\nS5PBzIN6WFYNEedTAF8P2ozVK0p0p0kgyVYFExjtKty2haZRf+8bjSoBoLNnSFmY\nZnGI/qNYf1qDk3/vEUoAEwS+gKh0jXojAoIBAQDoBEj+qBVtX2RdM9PqSoNHRx1Q\nKhegu5H06HQNqwPP+wlDlAS/rF6iOrI7EM29t7igYfs1o4iiFvK8dL2naozSPGbR\nHbLfadkxwDPRKd2qs4gpTmjNQy0+FuVZ/WEJoB1RK9nFc9MgTvaWgusnrqv2pQoO\ngGJRTDPUEXuJRa8sLqvaVOHZGHT2MaN47ZIWpiT15FHlASTJaYwiLgvEMb9+16Is\nzOgzKCF4ihpyGyHfZ1TJHye1LtMEbux28Db3ijBP/CgN72Tv3P3pOZGAOgLLygjd\nyxadDUm418xy6PUETqOPe76a90v2Mg1v+iA9Uy/Nyxk0ES2M8/yQDMjPQX9Q\n-----END RSA PRIVATE KEY-----\n",
            "content_base64": null,
            "content_base64sha256": "kIPwjWa/l2BZ5qlhLXqDSRa26QJ/XSHUEnOFx9R0aZM=",
            "content_base64sha512": "eZ4666p7vqp7THpr6TN3oAd/5sJ8tJVS9/Vk/i0qBBuvNXYTCKkpL7IXRlvxr4l9aOQ8SzbzH8jvkGYDznxwiA==",
            "content_md5": "0f520cff0b7c7782124f924b6608ef5a",
            "content_sha1": "082d211a5a6668d166a56bfd0abb96148b27bfe3",
            "content_sha256": "9083f08d66bf976059e6a9612d7a834916b6e9027f5d21d4127385c7d4746993",
            "content_sha512": "799e3aebaa7bbeaa7b4c7a6be93377a0077fe6c27cb49552f7f564fe2d2a041baf35761308a9292fb217465bf1af897d68e43c4b36f31fc8ef906603ce7c7088",
            "directory_permission": "0777",
            "file_permission": "0600",
            "filename": "./deployer.pem",
            "id": "082d211a5a6668d166a56bfd0abb96148b27bfe3",
            "sensitive_content": null,
            "source": null
          },
          "sensitive_attributes": [
            [
              {
                "type": "get_attr",
                "value": "sensitive_content"
              }
            ],
            [
              {
                "type": "get_attr",
                "value": "content"
              }
            ]
          ],
          "dependencies": [
            "tls_private_key.ssh"
          ]
        }
      ]
    },
    {
      "mode": "managed",
      "type": "null_resource",
      "name": "generate_inventory",
      "provider": "provider[\"registry.terraform.io/hashicorp/null\"]",
      "instances": [
        {
          "schema_version": 0,
          "attributes": {
            "id": "862088726603854250",
            "triggers": null
          },
          "sensitive_attributes": [],
          "dependencies": [
            "aws_instance.web",
            "aws_key_pair.deployer",
            "aws_security_group.web",
            "data.aws_ami.ubuntu",
            "random_string.suffix",
            "tls_private_key.ssh"
          ]
        }
      ]
    },
    {
      "mode": "managed",
      "type": "random_string",
      "name": "suffix",
      "provider": "provider[\"registry.terraform.io/hashicorp/random\"]",
      "instances": [
        {
          "schema_version": 2,
          "attributes": {
            "id": "yh25",
            "keepers": null,
            "length": 4,
            "lower": true,
            "min_lower": 0,
            "min_numeric": 0,
            "min_special": 0,
            "min_upper": 0,
            "number": true,
            "numeric": true,
            "override_special": null,
            "result": "yh25",
            "special": false,
            "upper": false
          },
          "sensitive_attributes": []
        }
      ]
    },
    {
      "mode": "managed",
      "type": "tls_private_key",
      "name": "ssh",
      "provider": "provider[\"registry.terraform.io/hashicorp/tls\"]",
      "instances": [
        {
          "schema_version": 1,
          "attributes": {
            "algorithm": "RSA",
            "ecdsa_curve": "P224",
            "id": "742e99429b443f90d6db892d727f5da6b3caaa6e",
            "private_key_openssh": "-----BEGIN OPENSSH PRIVATE KEY-----\nb3BlbnNzaC1rZXktdjEAAAAABG5vbmUAAAAEbm9uZQAAAAAAAAABAAACFwAAAAdz\nc2gtcnNhAAAAAwEAAQAAAgEAy7N/Pby0/Hd0gfxC3A2O2MdUTwonr/se2HdpFKpA\npDtvhuHVfduqqWf+/v1AFxYfoMFTsylKLH5vnJ4CBt1B/CqgzjqhA83OgL6FbTwZ\nyJnoPqJ6rqH5oYTP+SB/UvZoG/XrticHhKTLED9ErDkINpk2aazz7//bf6EX7Z3x\nUsOR4bsEldn57acdUJDipIMyM6QcfQNsaQLl1rsMyq+kaD68KyGU/0ncAjOdNbzJ\nHLKvEcyFRwY9ffXrnH2qE8LWdbM0fYU3Lz/NjNIpBGP9LW5QmQg/dSAddpt2tKE2\nJjNbVEwoEFA1KCzzhPCHZfYEgBey+HZE6lFXtaSFmWcmfb/3PsZmZRzRm7lKSWrV\nZyTfsYckxWYGKpR1fNleWrRZ+oUSnqg3arRizH44sd83PAMPSWcRu7DzvHjf1i+8\nvZPaJekBgyEwrcbX2fW4HPOixsWoZg+LEqhKD8y/jhWKLn5yJOBNBKv4gkztclCK\nvkeWt71t2Tx7RhlnqJzH8gQwY+GMcTOq4OFaWMF5swhGndBuN5xZYAouYBIC+sE0\nuL3MT9n0rHMMgHhhm7hxxvGdDxSKR7oDTjLNT71MEr9hgLNYcy+mlfTXwlf3g5f8\nowkIFU8/DDsWUR8kLJXWqAVTF6Bu+JX56yXVj4CQ9mj6QT2lxSBJ311rWNMPETuc\nOXUAAAc4cGVaF3BlWhcAAAAHc3NoLXJzYQAAAgEAy7N/Pby0/Hd0gfxC3A2O2MdU\nTwonr/se2HdpFKpApDtvhuHVfduqqWf+/v1AFxYfoMFTsylKLH5vnJ4CBt1B/Cqg\nzjqhA83OgL6FbTwZyJnoPqJ6rqH5oYTP+SB/UvZoG/XrticHhKTLED9ErDkINpk2\naazz7//bf6EX7Z3xUsOR4bsEldn57acdUJDipIMyM6QcfQNsaQLl1rsMyq+kaD68\nKyGU/0ncAjOdNbzJHLKvEcyFRwY9ffXrnH2qE8LWdbM0fYU3Lz/NjNIpBGP9LW5Q\nmQg/dSAddpt2tKE2JjNbVEwoEFA1KCzzhPCHZfYEgBey+HZE6lFXtaSFmWcmfb/3\nPsZmZRzRm7lKSWrVZyTfsYckxWYGKpR1fNleWrRZ+oUSnqg3arRizH44sd83PAMP\nSWcRu7DzvHjf1i+8vZPaJekBgyEwrcbX2fW4HPOixsWoZg+LEqhKD8y/jhWKLn5y\nJOBNBKv4gkztclCKvkeWt71t2Tx7RhlnqJzH8gQwY+GMcTOq4OFaWMF5swhGndBu\nN5xZYAouYBIC+sE0uL3MT9n0rHMMgHhhm7hxxvGdDxSKR7oDTjLNT71MEr9hgLNY\ncy+mlfTXwlf3g5f8owkIFU8/DDsWUR8kLJXWqAVTF6Bu+JX56yXVj4CQ9mj6QT2l\nxSBJ311rWNMPETucOXUAAAADAQABAAACABrfL4Jv8fo6MfLx2coYucbsKLmSj+C9\nwnhw7DpPKV7g/lnvUdAcGdvmPbPaqclB4GM/DbEdWc0b0tJ437CTIKDI6NS71EDh\ntgOy3nwmCQq3DvWwTnnaIUnG8P6e5F0H530EyJcLeAjuCmG2zvLfRS+ar5xqNfXr\nrUOdd0Af7VVrOkPqfXTdQASzXoEh09w6+HTqid2OBY+m07Yrj8jvOcOMvxr7f6Hb\n1vutXmhX4rn38nNpJQ3VC2ih9/Z5d2XK9qqpPNvwJnMDujSBBusu25fSLSy681Aa\nr/hVEuhKOg/5B2vL7h8UzaZio69eYaY4OajCN5hiVb4JhAYQ0ZUGkAObUSSbVbq8\nQC5VnE+piKhCWzxF7xE4j1/VCZe3T0Ndmc/3vlX9jho1wZt1BbXhaokwCqbBZ0vL\nz5SVsVKjFUEyFklEND7xVhfg+7VsUlEEifRQ+N7VB926wfptkzSfMnXKhbnR6mbf\nDhRH1MZ1NweYqrWpOF4qKxEKP3L2gwqcUS8y/MoCbR/ArRLxXFNNeKfHcgrn9EIQ\n/rIresejPnx187qJQd1puu4qS2RFs4aE5zEeeYDXRz634shBXgonB05RvypBkc01\ngxrxueu22m5hu29t6uZ0jc898rIH1h7O4QIv6GI0k0N4Cw/6LfRd6bLHxovpQfhe\niNyTySx8U3eTAAABAQDoBEj+qBVtX2RdM9PqSoNHRx1QKhegu5H06HQNqwPP+wlD\nlAS/rF6iOrI7EM29t7igYfs1o4iiFvK8dL2naozSPGbRHbLfadkxwDPRKd2qs4gp\nTmjNQy0+FuVZ/WEJoB1RK9nFc9MgTvaWgusnrqv2pQoOgGJRTDPUEXuJRa8sLqva\nVOHZGHT2MaN47ZIWpiT15FHlASTJaYwiLgvEMb9+16IszOgzKCF4ihpyGyHfZ1TJ\nHye1LtMEbux28Db3ijBP/CgN72Tv3P3pOZGAOgLLygjdyxadDUm418xy6PUETqOP\ne76a90v2Mg1v+iA9Uy/Nyxk0ES2M8/yQDMjPQX9QAAABAQD2ocuL3ziv2MmbbdRh\ndHIcrJ6wTNxLvZm79PvZ0Gx46lR7ytQenvbMORMozxBThYuweGz/OxHVyF/Qun5h\nw5dxhfBV/6jC6xf0vAJU5aYUWycT7gjvFcWqS2Hwn52OIwQoQ3z8UHq6TUa82blh\nAFCsIdbRJb3PHeXDfq56sUNstsNDOqGzF8rVjqScqacRMUwnb9wTcigNM+yhzoJ4\nStE3dDFzWBDQ/Vdn7w8qxwNn1rumMylAXyL8p3tP7qo1OHUwd5qAE+469ds8oejg\n/WtF0vjAdIOu4k2rsWOAbJ6GLZ3ytvlmvAmXhV+a6Opk4IDg24t8JySNXLk95WDH\nFKzLAAABAQDTcEAIQPbcQHJcjsPlDTlX/GS5C3zqeVpOJdfOHq1+Arz0DiliUGbh\n4EhshNTXtRsRMttHXmiAgTx9ziElV9I4ygy5+YNiV5yhAvFBZPBXAwUZOhh97v5M\nP/65rvf2z6W5rIkx3v5cLileoBk68eiayABMNHa7IXAb28Ox5KpvgbIklwpoEVON\nt9ichWhuTCpg4b4+Dp2AUvAYMDtng0Rx+y+H9NfQa2ateMPsPC0Djr7tkv9cVsBj\nAhISijV5UCK9RW8lZHgLIAcIPUuwut6Cw9h1FEhls4nRKxkx1gnDYAOMghZIO/C1\nIc0bvhc+D8+v0t2w0AXn0ByYUuJ3wiq/AAAAAAEC\n-----END OPENSSH PRIVATE KEY-----\n",
            "private_key_pem": "-----BEGIN RSA PRIVATE KEY-----\nMIIJKQIBAAKCAgEAy7N/Pby0/Hd0gfxC3A2O2MdUTwonr/se2HdpFKpApDtvhuHV\nfduqqWf+/v1AFxYfoMFTsylKLH5vnJ4CBt1B/CqgzjqhA83OgL6FbTwZyJnoPqJ6\nrqH5oYTP+SB/UvZoG/XrticHhKTLED9ErDkINpk2aazz7//bf6EX7Z3xUsOR4bsE\nldn57acdUJDipIMyM6QcfQNsaQLl1rsMyq+kaD68KyGU/0ncAjOdNbzJHLKvEcyF\nRwY9ffXrnH2qE8LWdbM0fYU3Lz/NjNIpBGP9LW5QmQg/dSAddpt2tKE2JjNbVEwo\nEFA1KCzzhPCHZfYEgBey+HZE6lFXtaSFmWcmfb/3PsZmZRzRm7lKSWrVZyTfsYck\nxWYGKpR1fNleWrRZ+oUSnqg3arRizH44sd83PAMPSWcRu7DzvHjf1i+8vZPaJekB\ngyEwrcbX2fW4HPOixsWoZg+LEqhKD8y/jhWKLn5yJOBNBKv4gkztclCKvkeWt71t\n2Tx7RhlnqJzH8gQwY+GMcTOq4OFaWMF5swhGndBuN5xZYAouYBIC+sE0uL3MT9n0\nrHMMgHhhm7hxxvGdDxSKR7oDTjLNT71MEr9hgLNYcy+mlfTXwlf3g5f8owkIFU8/\nDDsWUR8kLJXWqAVTF6Bu+JX56yXVj4CQ9mj6QT2lxSBJ311rWNMPETucOXUCAwEA\nAQKCAgAa3y+Cb/H6OjHy8dnKGLnG7Ci5ko/gvcJ4cOw6Tyle4P5Z71HQHBnb5j2z\n2qnJQeBjPw2xHVnNG9LSeN+wkyCgyOjUu9RA4bYDst58JgkKtw71sE552iFJxvD+\nnuRdB+d9BMiXC3gI7gphts7y30Uvmq+cajX1661DnXdAH+1VazpD6n103UAEs16B\nIdPcOvh06ondjgWPptO2K4/I7znDjL8a+3+h29b7rV5oV+K59/JzaSUN1Qtooff2\neXdlyvaqqTzb8CZzA7o0gQbrLtuX0i0suvNQGq/4VRLoSjoP+Qdry+4fFM2mYqOv\nXmGmODmowjeYYlW+CYQGENGVBpADm1Ekm1W6vEAuVZxPqYioQls8Re8ROI9f1QmX\nt09DXZnP975V/Y4aNcGbdQW14WqJMAqmwWdLy8+UlbFSoxVBMhZJRDQ+8VYX4Pu1\nbFJRBIn0UPje1QfdusH6bZM0nzJ1yoW50epm3w4UR9TGdTcHmKq1qTheKisRCj9y\n9oMKnFEvMvzKAm0fwK0S8VxTTXinx3IK5/RCEP6yK3rHoz58dfO6iUHdabruKktk\nRbOGhOcxHnmA10c+t+LIQV4KJwdOUb8qQZHNNYMa8bnrttpuYbtvbermdI3PPfKy\nB9YezuECL+hiNJNDeAsP+i30Xemyx8aL6UH4Xojck8ksfFN3kwKCAQEA9qHLi984\nr9jJm23UYXRyHKyesEzcS72Zu/T72dBseOpUe8rUHp72zDkTKM8QU4WLsHhs/zsR\n1chf0Lp+YcOXcYXwVf+owusX9LwCVOWmFFsnE+4I7xXFqkth8J+djiMEKEN8/FB6\nuk1GvNm5YQBQrCHW0SW9zx3lw36uerFDbLbDQzqhsxfK1Y6knKmnETFMJ2/cE3Io\nDTPsoc6CeErRN3Qxc1gQ0P1XZ+8PKscDZ9a7pjMpQF8i/Kd7T+6qNTh1MHeagBPu\nOvXbPKHo4P1rRdL4wHSDruJNq7FjgGyehi2d8rb5ZrwJl4VfmujqZOCA4NuLfCck\njVy5PeVgxxSsywKCAQEA03BACED23EByXI7D5Q05V/xkuQt86nlaTiXXzh6tfgK8\n9A4pYlBm4eBIbITU17UbETLbR15ogIE8fc4hJVfSOMoMufmDYlecoQLxQWTwVwMF\nGToYfe7+TD/+ua739s+luayJMd7+XC4pXqAZOvHomsgATDR2uyFwG9vDseSqb4Gy\nJJcKaBFTjbfYnIVobkwqYOG+Pg6dgFLwGDA7Z4NEcfsvh/TX0GtmrXjD7DwtA46+\n7ZL/XFbAYwISEoo1eVAivUVvJWR4CyAHCD1LsLregsPYdRRIZbOJ0SsZMdYJw2AD\njIIWSDvwtSHNG74XPg/Pr9LdsNAF59AcmFLid8IqvwKCAQBGVNNX2tsuglLTyRk0\nhWF5PdyvB+wWiUYK7IzZi28zeBeJici9xrU4fdox3AKa3s18EIt8qVqnrVFtk5Ew\nzfck/34O+C4nD6WwO+EqVqbqzSeyrkHL9Fh+/Ko8VTg37VJlLQG6bjThZeITPr93\nowBeZfP9hpa/NpZsDncxM9W3bdL3HAQ6r0E/b0MQDe0/oOBHqsWGoho70Z/ccKiS\nJzvMZY0oiGebQXOohuq7Vy9ocDro5VQRMFAo3pXysGvHa4c3wBPGDGj2VWAkxUNE\nzd/GdKhNMazPtWdS2+41FESMnPua2IT8wAi4NeeSpHMbO05lURZQ3FS3H0cQGJZl\nj0bLAoIBAQCuuvG/oGghBgU8JiMPE8mSw5o9LZgycMzHDhD0XnfDTeH20gkzHPyY\np29Sdscp55mRsfRyWzuDDsn9sS3FHXk1wwuXWPJRf9OJX9Qd1ZukXHOHMHJzB+ER\nBEWuD0ENrvXmpgXOt9h+NwurDiUriCRQXP2Z/DUuWei6rPdg+HY8pfKguE06SS9C\nS27vknQFyl2vKH696/gOxvtxEdLVrS4P/6N8+EKtE0SMEOPgQq50ZS+1RyhOl8Zv\nS5PBzIN6WFYNEedTAF8P2ozVK0p0p0kgyVYFExjtKty2haZRf+8bjSoBoLNnSFmY\nZnGI/qNYf1qDk3/vEUoAEwS+gKh0jXojAoIBAQDoBEj+qBVtX2RdM9PqSoNHRx1Q\nKhegu5H06HQNqwPP+wlDlAS/rF6iOrI7EM29t7igYfs1o4iiFvK8dL2naozSPGbR\nHbLfadkxwDPRKd2qs4gpTmjNQy0+FuVZ/WEJoB1RK9nFc9MgTvaWgusnrqv2pQoO\ngGJRTDPUEXuJRa8sLqvaVOHZGHT2MaN47ZIWpiT15FHlASTJaYwiLgvEMb9+16Is\nzOgzKCF4ihpyGyHfZ1TJHye1LtMEbux28Db3ijBP/CgN72Tv3P3pOZGAOgLLygjd\nyxadDUm418xy6PUETqOPe76a90v2Mg1v+iA9Uy/Nyxk0ES2M8/yQDMjPQX9Q\n-----END RSA PRIVATE KEY-----\n",
            "private_key_pem_pkcs8": "-----BEGIN PRIVATE KEY-----\nMIIJQwIBADANBgkqhkiG9w0BAQEFAASCCS0wggkpAgEAAoICAQDLs389vLT8d3SB\n/ELcDY7Yx1RPCiev+x7Yd2kUqkCkO2+G4dV926qpZ/7+/UAXFh+gwVOzKUosfm+c\nngIG3UH8KqDOOqEDzc6AvoVtPBnImeg+onquofmhhM/5IH9S9mgb9eu2JweEpMsQ\nP0SsOQg2mTZprPPv/9t/oRftnfFSw5HhuwSV2fntpx1QkOKkgzIzpBx9A2xpAuXW\nuwzKr6RoPrwrIZT/SdwCM501vMkcsq8RzIVHBj199eucfaoTwtZ1szR9hTcvP82M\n0ikEY/0tblCZCD91IB12m3a0oTYmM1tUTCgQUDUoLPOE8Idl9gSAF7L4dkTqUVe1\npIWZZyZ9v/c+xmZlHNGbuUpJatVnJN+xhyTFZgYqlHV82V5atFn6hRKeqDdqtGLM\nfjix3zc8Aw9JZxG7sPO8eN/WL7y9k9ol6QGDITCtxtfZ9bgc86LGxahmD4sSqEoP\nzL+OFYoufnIk4E0Eq/iCTO1yUIq+R5a3vW3ZPHtGGWeonMfyBDBj4YxxM6rg4VpY\nwXmzCEad0G43nFlgCi5gEgL6wTS4vcxP2fSscwyAeGGbuHHG8Z0PFIpHugNOMs1P\nvUwSv2GAs1hzL6aV9NfCV/eDl/yjCQgVTz8MOxZRHyQsldaoBVMXoG74lfnrJdWP\ngJD2aPpBPaXFIEnfXWtY0w8RO5w5dQIDAQABAoICABrfL4Jv8fo6MfLx2coYucbs\nKLmSj+C9wnhw7DpPKV7g/lnvUdAcGdvmPbPaqclB4GM/DbEdWc0b0tJ437CTIKDI\n6NS71EDhtgOy3nwmCQq3DvWwTnnaIUnG8P6e5F0H530EyJcLeAjuCmG2zvLfRS+a\nr5xqNfXrrUOdd0Af7VVrOkPqfXTdQASzXoEh09w6+HTqid2OBY+m07Yrj8jvOcOM\nvxr7f6Hb1vutXmhX4rn38nNpJQ3VC2ih9/Z5d2XK9qqpPNvwJnMDujSBBusu25fS\nLSy681Aar/hVEuhKOg/5B2vL7h8UzaZio69eYaY4OajCN5hiVb4JhAYQ0ZUGkAOb\nUSSbVbq8QC5VnE+piKhCWzxF7xE4j1/VCZe3T0Ndmc/3vlX9jho1wZt1BbXhaokw\nCqbBZ0vLz5SVsVKjFUEyFklEND7xVhfg+7VsUlEEifRQ+N7VB926wfptkzSfMnXK\nhbnR6mbfDhRH1MZ1NweYqrWpOF4qKxEKP3L2gwqcUS8y/MoCbR/ArRLxXFNNeKfH\ncgrn9EIQ/rIresejPnx187qJQd1puu4qS2RFs4aE5zEeeYDXRz634shBXgonB05R\nvypBkc01gxrxueu22m5hu29t6uZ0jc898rIH1h7O4QIv6GI0k0N4Cw/6LfRd6bLH\nxovpQfheiNyTySx8U3eTAoIBAQD2ocuL3ziv2MmbbdRhdHIcrJ6wTNxLvZm79PvZ\n0Gx46lR7ytQenvbMORMozxBThYuweGz/OxHVyF/Qun5hw5dxhfBV/6jC6xf0vAJU\n5aYUWycT7gjvFcWqS2Hwn52OIwQoQ3z8UHq6TUa82blhAFCsIdbRJb3PHeXDfq56\nsUNstsNDOqGzF8rVjqScqacRMUwnb9wTcigNM+yhzoJ4StE3dDFzWBDQ/Vdn7w8q\nxwNn1rumMylAXyL8p3tP7qo1OHUwd5qAE+469ds8oejg/WtF0vjAdIOu4k2rsWOA\nbJ6GLZ3ytvlmvAmXhV+a6Opk4IDg24t8JySNXLk95WDHFKzLAoIBAQDTcEAIQPbc\nQHJcjsPlDTlX/GS5C3zqeVpOJdfOHq1+Arz0DiliUGbh4EhshNTXtRsRMttHXmiA\ngTx9ziElV9I4ygy5+YNiV5yhAvFBZPBXAwUZOhh97v5MP/65rvf2z6W5rIkx3v5c\nLileoBk68eiayABMNHa7IXAb28Ox5KpvgbIklwpoEVONt9ichWhuTCpg4b4+Dp2A\nUvAYMDtng0Rx+y+H9NfQa2ateMPsPC0Djr7tkv9cVsBjAhISijV5UCK9RW8lZHgL\nIAcIPUuwut6Cw9h1FEhls4nRKxkx1gnDYAOMghZIO/C1Ic0bvhc+D8+v0t2w0AXn\n0ByYUuJ3wiq/AoIBAEZU01fa2y6CUtPJGTSFYXk93K8H7BaJRgrsjNmLbzN4F4mJ\nyL3GtTh92jHcAprezXwQi3ypWqetUW2TkTDN9yT/fg74LicPpbA74SpWpurNJ7Ku\nQcv0WH78qjxVODftUmUtAbpuNOFl4hM+v3ejAF5l8/2Glr82lmwOdzEz1bdt0vcc\nBDqvQT9vQxAN7T+g4EeqxYaiGjvRn9xwqJInO8xljSiIZ5tBc6iG6rtXL2hwOujl\nVBEwUCjelfKwa8drhzfAE8YMaPZVYCTFQ0TN38Z0qE0xrM+1Z1Lb7jUURIyc+5rY\nhPzACLg155Kkcxs7TmVRFlDcVLcfRxAYlmWPRssCggEBAK668b+gaCEGBTwmIw8T\nyZLDmj0tmDJwzMcOEPRed8NN4fbSCTMc/Jinb1J2xynnmZGx9HJbO4MOyf2xLcUd\neTXDC5dY8lF/04lf1B3Vm6Rcc4cwcnMH4REERa4PQQ2u9eamBc632H43C6sOJSuI\nJFBc/Zn8NS5Z6Lqs92D4djyl8qC4TTpJL0JLbu+SdAXKXa8ofr3r+A7G+3ER0tWt\nLg//o3z4Qq0TRIwQ4+BCrnRlL7VHKE6Xxm9Lk8HMg3pYVg0R51MAXw/ajNUrSnSn\nSSDJVgUTGO0q3LaFplF/7xuNKgGgs2dIWZhmcYj+o1h/WoOTf+8RSgATBL6AqHSN\neiMCggEBAOgESP6oFW1fZF0z0+pKg0dHHVAqF6C7kfTodA2rA8/7CUOUBL+sXqI6\nsjsQzb23uKBh+zWjiKIW8rx0vadqjNI8ZtEdst9p2THAM9Ep3aqziClOaM1DLT4W\n5Vn9YQmgHVEr2cVz0yBO9paC6yeuq/alCg6AYlFMM9QRe4lFrywuq9pU4dkYdPYx\no3jtkhamJPXkUeUBJMlpjCIuC8Qxv37XoizM6DMoIXiKGnIbId9nVMkfJ7Uu0wRu\n7HbwNveKME/8KA3vZO/c/ek5kYA6AsvKCN3LFp0NSbjXzHLo9QROo497vpr3S/Yy\nDW/6ID1TL83LGTQRLYzz/JAMyM9Bf1A=\n-----END PRIVATE KEY-----\n",
            "public_key_fingerprint_md5": "f3:08:38:a5:c2:75:4e:02:c6:47:9f:80:6e:33:e2:6f",
            "public_key_fingerprint_sha256": "SHA256:bPcbwu/gfb3/TdYuHFJuLX+ehoBWgnSCtJALyBE5X8U",
            "public_key_openssh": "ssh-rsa AAAAB3NzaC1yc2EAAAADAQABAAACAQDLs389vLT8d3SB/ELcDY7Yx1RPCiev+x7Yd2kUqkCkO2+G4dV926qpZ/7+/UAXFh+gwVOzKUosfm+cngIG3UH8KqDOOqEDzc6AvoVtPBnImeg+onquofmhhM/5IH9S9mgb9eu2JweEpMsQP0SsOQg2mTZprPPv/9t/oRftnfFSw5HhuwSV2fntpx1QkOKkgzIzpBx9A2xpAuXWuwzKr6RoPrwrIZT/SdwCM501vMkcsq8RzIVHBj199eucfaoTwtZ1szR9hTcvP82M0ikEY/0tblCZCD91IB12m3a0oTYmM1tUTCgQUDUoLPOE8Idl9gSAF7L4dkTqUVe1pIWZZyZ9v/c+xmZlHNGbuUpJatVnJN+xhyTFZgYqlHV82V5atFn6hRKeqDdqtGLMfjix3zc8Aw9JZxG7sPO8eN/WL7y9k9ol6QGDITCtxtfZ9bgc86LGxahmD4sSqEoPzL+OFYoufnIk4E0Eq/iCTO1yUIq+R5a3vW3ZPHtGGWeonMfyBDBj4YxxM6rg4VpYwXmzCEad0G43nFlgCi5gEgL6wTS4vcxP2fSscwyAeGGbuHHG8Z0PFIpHugNOMs1PvUwSv2GAs1hzL6aV9NfCV/eDl/yjCQgVTz8MOxZRHyQsldaoBVMXoG74lfnrJdWPgJD2aPpBPaXFIEnfXWtY0w8RO5w5dQ==\n",
            "public_key_pem": "-----BEGIN PUBLIC KEY-----\nMIICIjANBgkqhkiG9w0BAQEFAAOCAg8AMIICCgKCAgEAy7N/Pby0/Hd0gfxC3A2O\n2MdUTwonr/se2HdpFKpApDtvhuHVfduqqWf+/v1AFxYfoMFTsylKLH5vnJ4CBt1B\n/CqgzjqhA83OgL6FbTwZyJnoPqJ6rqH5oYTP+SB/UvZoG/XrticHhKTLED9ErDkI\nNpk2aazz7//bf6EX7Z3xUsOR4bsEldn57acdUJDipIMyM6QcfQNsaQLl1rsMyq+k\naD68KyGU/0ncAjOdNbzJHLKvEcyFRwY9ffXrnH2qE8LWdbM0fYU3Lz/NjNIpBGP9\nLW5QmQg/dSAddpt2tKE2JjNbVEwoEFA1KCzzhPCHZfYEgBey+HZE6lFXtaSFmWcm\nfb/3PsZmZRzRm7lKSWrVZyTfsYckxWYGKpR1fNleWrRZ+oUSnqg3arRizH44sd83\nPAMPSWcRu7DzvHjf1i+8vZPaJekBgyEwrcbX2fW4HPOixsWoZg+LEqhKD8y/jhWK\nLn5yJOBNBKv4gkztclCKvkeWt71t2Tx7RhlnqJzH8gQwY+GMcTOq4OFaWMF5swhG\nndBuN5xZYAouYBIC+sE0uL3MT9n0rHMMgHhhm7hxxvGdDxSKR7oDTjLNT71MEr9h\ngLNYcy+mlfTXwlf3g5f8owkIFU8/DDsWUR8kLJXWqAVTF6Bu+JX56yXVj4CQ9mj6\nQT2lxSBJ311rWNMPETucOXUCAwEAAQ==\n-----END PUBLIC KEY-----\n",
            "rsa_bits": 4096
          },
          "sensitive_attributes": [
            [
              {
                "type": "get_attr",
                "value": "private_key_openssh"
              }
            ],
            [
              {
                "type": "get_attr",
                "value": "private_key_pem"
              }
            ],
            [
              {
                "type": "get_attr",
                "value": "private_key_pem_pkcs8"
              }
            ]
          ]
        }
      ]
    }
  ],
  "check_results": null
}
